<?xml version="1.0" encoding="UTF-8"?>
<!DOCTYPE plist PUBLIC "-//Apple//DTD PLIST 1.0//EN" "http://www.apple.com/DTDs/PropertyList-1.0.dtd">
<plist version="1.0">
<dict>
	<key>archiveVersion</key>
	<string>1</string>
	<key>classes</key>
	<dict/>
	<key>objectVersion</key>
	<string>46</string>
	<key>objects</key>
	<dict>
		<key>3F49579F19498FC100075A46</key>
		<dict>
			<key>fileEncoding</key>
			<string>4</string>
			<key>isa</key>
			<string>PBXFileReference</string>
			<key>lastKnownFileType</key>
			<string>sourcecode.c.h</string>
			<key>path</key>
			<string>TableViewController.h</string>
			<key>sourceTree</key>
			<string>&lt;group&gt;</string>
		</dict>
		<key>3F4957A019498FC100075A46</key>
		<dict>
			<key>fileEncoding</key>
			<string>4</string>
			<key>isa</key>
			<string>PBXFileReference</string>
			<key>lastKnownFileType</key>
			<string>sourcecode.c.objc</string>
			<key>path</key>
			<string>TableViewController.m</string>
			<key>sourceTree</key>
			<string>&lt;group&gt;</string>
		</dict>
		<key>3F4957A119498FC100075A46</key>
		<dict>
			<key>fileRef</key>
			<string>3F4957A019498FC100075A46</string>
			<key>isa</key>
			<string>PBXBuildFile</string>
		</dict>
		<key>3F4957A219499CC300075A46</key>
		<dict>
			<key>fileEncoding</key>
			<string>4</string>
			<key>isa</key>
			<string>PBXFileReference</string>
			<key>lastKnownFileType</key>
			<string>sourcecode.c.h</string>
			<key>path</key>
			<string>GOTTableViewCell.h</string>
			<key>sourceTree</key>
			<string>&lt;group&gt;</string>
		</dict>
		<key>3F4957A319499CC300075A46</key>
		<dict>
			<key>fileEncoding</key>
			<string>4</string>
			<key>isa</key>
			<string>PBXFileReference</string>
			<key>lastKnownFileType</key>
			<string>sourcecode.c.objc</string>
			<key>path</key>
			<string>GOTTableViewCell.m</string>
			<key>sourceTree</key>
			<string>&lt;group&gt;</string>
		</dict>
		<key>3F4957A419499CC300075A46</key>
		<dict>
			<key>fileRef</key>
			<string>3F4957A319499CC300075A46</string>
			<key>isa</key>
			<string>PBXBuildFile</string>
		</dict>
		<key>3F4957A51949AF0C00075A46</key>
		<dict>
			<key>fileEncoding</key>
			<string>4</string>
			<key>isa</key>
			<string>PBXFileReference</string>
			<key>lastKnownFileType</key>
			<string>sourcecode.c.h</string>
			<key>path</key>
			<string>PersonajeViewController.h</string>
			<key>sourceTree</key>
			<string>&lt;group&gt;</string>
		</dict>
		<key>3F4957A61949AF0C00075A46</key>
		<dict>
			<key>fileEncoding</key>
			<string>4</string>
			<key>isa</key>
			<string>PBXFileReference</string>
			<key>lastKnownFileType</key>
			<string>sourcecode.c.objc</string>
			<key>path</key>
			<string>PersonajeViewController.m</string>
			<key>sourceTree</key>
			<string>&lt;group&gt;</string>
		</dict>
		<key>3F4957A71949AF0C00075A46</key>
		<dict>
			<key>fileRef</key>
			<string>3F4957A61949AF0C00075A46</string>
			<key>isa</key>
			<string>PBXBuildFile</string>
		</dict>
		<key>3F4957A81949B7C200075A46</key>
		<dict>
			<key>children</key>
			<array>
				<string>3F49579F19498FC100075A46</string>
				<string>3F4957A019498FC100075A46</string>
				<string>3F4957A51949AF0C00075A46</string>
				<string>3F4957A61949AF0C00075A46</string>
			</array>
			<key>isa</key>
			<string>PBXGroup</string>
			<key>name</key>
			<string>controller</string>
			<key>path</key>
			<string>controller</string>
			<key>sourceTree</key>
			<string>&lt;group&gt;</string>
		</dict>
		<key>3F4957A91949B7F100075A46</key>
		<dict>
			<key>children</key>
			<array>
				<string>3F4957A219499CC300075A46</string>
				<string>3F4957A319499CC300075A46</string>
			</array>
			<key>isa</key>
			<string>PBXGroup</string>
			<key>name</key>
			<string>view</string>
			<key>path</key>
			<string>view</string>
			<key>sourceTree</key>
			<string>&lt;group&gt;</string>
		</dict>
		<key>8C2E8DFE1946FE2A00D41ED9</key>
		<dict>
			<key>children</key>
			<array>
				<string>8C2E8DFF1946FE2A00D41ED9</string>
				<string>8C2E8E001946FE2A00D41ED9</string>
				<string>8C2E8E011946FE2A00D41ED9</string>
				<string>8C2E8E021946FE2A00D41ED9</string>
				<string>8C2E8E031946FE2A00D41ED9</string>
				<string>8C2E8E041946FE2A00D41ED9</string>
				<string>8C2E8E051946FE2A00D41ED9</string>
				<string>8C2E8E061946FE2A00D41ED9</string>
				<string>8C2E8E071946FE2A00D41ED9</string>
				<string>8C2E8E081946FE2A00D41ED9</string>
				<string>8C2E8E091946FE2A00D41ED9</string>
				<string>8C2E8E0A1946FE2A00D41ED9</string>
				<string>8C2E8E0B1946FE2A00D41ED9</string>
				<string>8C2E8E0C1946FE2A00D41ED9</string>
				<string>8C2E8E0D1946FE2A00D41ED9</string>
				<string>8C2E8E0E1946FE2A00D41ED9</string>
				<string>8C2E8E0F1946FE2A00D41ED9</string>
				<string>8C2E8E101946FE2A00D41ED9</string>
				<string>8C2E8E111946FE2A00D41ED9</string>
				<string>8C2E8E121946FE2A00D41ED9</string>
				<string>8C2E8E131946FE2A00D41ED9</string>
				<string>8C2E8E141946FE2A00D41ED9</string>
				<string>8C2E8E151946FE2A00D41ED9</string>
				<string>8C2E8E161946FE2A00D41ED9</string>
				<string>8C2E8E171946FE2A00D41ED9</string>
				<string>8C2E8E181946FE2A00D41ED9</string>
				<string>8C2E8E191946FE2A00D41ED9</string>
				<string>8C2E8E1A1946FE2A00D41ED9</string>
				<string>8C2E8E1B1946FE2A00D41ED9</string>
				<string>8C2E8E1C1946FE2A00D41ED9</string>
				<string>8C2E8E1D1946FE2A00D41ED9</string>
				<string>8C2E8E1E1946FE2A00D41ED9</string>
				<string>8C2E8E1F1946FE2A00D41ED9</string>
				<string>8C2E8E201946FE2A00D41ED9</string>
				<string>8C2E8E211946FE2A00D41ED9</string>
				<string>8C2E8E221946FE2A00D41ED9</string>
				<string>8C2E8E231946FE2A00D41ED9</string>
				<string>8C2E8E241946FE2A00D41ED9</string>
				<string>8C2E8E251946FE2A00D41ED9</string>
				<string>8C2E8E261946FE2A00D41ED9</string>
				<string>8C2E8E271946FE2A00D41ED9</string>
				<string>8C2E8E281946FE2A00D41ED9</string>
				<string>8C2E8E291946FE2A00D41ED9</string>
				<string>8C2E8E2A1946FE2A00D41ED9</string>
				<string>8C2E8E2B1946FE2A00D41ED9</string>
				<string>8C2E8E2C1946FE2A00D41ED9</string>
				<string>8C2E8E2D1946FE2A00D41ED9</string>
				<string>8C2E8E2E1946FE2A00D41ED9</string>
				<string>8C2E8E2F1946FE2A00D41ED9</string>
				<string>8C2E8E301946FE2A00D41ED9</string>
				<string>8C2E8E311946FE2A00D41ED9</string>
				<string>8C2E8E321946FE2A00D41ED9</string>
				<string>8C2E8E331946FE2A00D41ED9</string>
				<string>8C2E8E341946FE2A00D41ED9</string>
				<string>8C2E8E351946FE2A00D41ED9</string>
				<string>8C2E8E361946FE2A00D41ED9</string>
				<string>8C2E8E371946FE2A00D41ED9</string>
				<string>8C2E8E381946FE2A00D41ED9</string>
				<string>8C2E8E391946FE2A00D41ED9</string>
				<string>8C2E8E3A1946FE2A00D41ED9</string>
				<string>8C2E8E3B1946FE2A00D41ED9</string>
				<string>8C2E8E3C1946FE2A00D41ED9</string>
				<string>8C2E8E3D1946FE2A00D41ED9</string>
				<string>8C2E8E3E1946FE2A00D41ED9</string>
				<string>8C2E8E3F1946FE2A00D41ED9</string>
				<string>8C2E8E401946FE2A00D41ED9</string>
				<string>8C2E8E411946FE2A00D41ED9</string>
				<string>8C2E8E421946FE2A00D41ED9</string>
				<string>8C2E8E431946FE2A00D41ED9</string>
				<string>8C2E8E441946FE2A00D41ED9</string>
				<string>8C2E8E451946FE2A00D41ED9</string>
				<string>8C2E8E461946FE2A00D41ED9</string>
				<string>8C2E8E471946FE2A00D41ED9</string>
				<string>8C2E8E481946FE2A00D41ED9</string>
				<string>8C2E8E491946FE2A00D41ED9</string>
				<string>8C2E8E4A1946FE2A00D41ED9</string>
				<string>8C2E8E4B1946FE2A00D41ED9</string>
				<string>8C2E8E4C1946FE2A00D41ED9</string>
				<string>8C2E8E4D1946FE2A00D41ED9</string>
				<string>8C2E8E4E1946FE2A00D41ED9</string>
				<string>8C2E8E4F1946FE2A00D41ED9</string>
				<string>8C2E8E501946FE2A00D41ED9</string>
				<string>8C2E8E511946FE2A00D41ED9</string>
				<string>8C2E8E521946FE2A00D41ED9</string>
				<string>8C2E8E531946FE2A00D41ED9</string>
				<string>8C2E8E541946FE2A00D41ED9</string>
				<string>8C2E8E551946FE2A00D41ED9</string>
				<string>8C2E8E561946FE2A00D41ED9</string>
				<string>8C2E8E571946FE2A00D41ED9</string>
				<string>8C2E8E581946FE2A00D41ED9</string>
				<string>8C2E8E591946FE2A00D41ED9</string>
				<string>8C2E8E5A1946FE2A00D41ED9</string>
				<string>8C2E8E5B1946FE2A00D41ED9</string>
				<string>8C2E8E5C1946FE2A00D41ED9</string>
			</array>
			<key>isa</key>
			<string>PBXGroup</string>
			<key>path</key>
			<string>imgs</string>
			<key>sourceTree</key>
			<string>&lt;group&gt;</string>
		</dict>
		<key>8C2E8DFF1946FE2A00D41ED9</key>
		<dict>
			<key>isa</key>
			<string>PBXFileReference</string>
			<key>lastKnownFileType</key>
			<string>image.png</string>
			<key>path</key>
			<string>aemon.png</string>
			<key>sourceTree</key>
			<string>&lt;group&gt;</string>
		</dict>
		<key>8C2E8E001946FE2A00D41ED9</key>
		<dict>
			<key>isa</key>
			<string>PBXFileReference</string>
			<key>lastKnownFileType</key>
			<string>image.png</string>
			<key>path</key>
			<string>aerys.png</string>
			<key>sourceTree</key>
			<string>&lt;group&gt;</string>
		</dict>
		<key>8C2E8E011946FE2A00D41ED9</key>
		<dict>
			<key>isa</key>
			<string>PBXFileReference</string>
			<key>lastKnownFileType</key>
			<string>image.png</string>
			<key>path</key>
			<string>alliser.png</string>
			<key>sourceTree</key>
			<string>&lt;group&gt;</string>
		</dict>
		<key>8C2E8E021946FE2A00D41ED9</key>
		<dict>
			<key>isa</key>
			<string>PBXFileReference</string>
			<key>lastKnownFileType</key>
			<string>image.png</string>
			<key>path</key>
			<string>alton.png</string>
			<key>sourceTree</key>
			<string>&lt;group&gt;</string>
		</dict>
		<key>8C2E8E031946FE2A00D41ED9</key>
		<dict>
			<key>isa</key>
			<string>PBXFileReference</string>
			<key>lastKnownFileType</key>
			<string>image.png</string>
			<key>path</key>
			<string>arryn.png</string>
			<key>sourceTree</key>
			<string>&lt;group&gt;</string>
		</dict>
		<key>8C2E8E041946FE2A00D41ED9</key>
		<dict>
			<key>isa</key>
			<string>PBXFileReference</string>
			<key>lastKnownFileType</key>
			<string>image.png</string>
			<key>path</key>
			<string>arya.png</string>
			<key>sourceTree</key>
			<string>&lt;group&gt;</string>
		</dict>
		<key>8C2E8E051946FE2A00D41ED9</key>
		<dict>
			<key>isa</key>
			<string>PBXFileReference</string>
			<key>lastKnownFileType</key>
			<string>image.png</string>
			<key>path</key>
			<string>balon.png</string>
			<key>sourceTree</key>
			<string>&lt;group&gt;</string>
		</dict>
		<key>8C2E8E061946FE2A00D41ED9</key>
		<dict>
			<key>isa</key>
			<string>PBXFileReference</string>
			<key>lastKnownFileType</key>
			<string>image.jpeg</string>
			<key>path</key>
			<string>baratheon.jpg</string>
			<key>sourceTree</key>
			<string>&lt;group&gt;</string>
		</dict>
		<key>8C2E8E071946FE2A00D41ED9</key>
		<dict>
			<key>isa</key>
			<string>PBXFileReference</string>
			<key>lastKnownFileType</key>
			<string>image.png</string>
			<key>path</key>
			<string>baratheon.png</string>
			<key>sourceTree</key>
			<string>&lt;group&gt;</string>
		</dict>
		<key>8C2E8E081946FE2A00D41ED9</key>
		<dict>
			<key>isa</key>
			<string>PBXFileReference</string>
			<key>lastKnownFileType</key>
			<string>image.png</string>
			<key>path</key>
			<string>barristan.png</string>
			<key>sourceTree</key>
			<string>&lt;group&gt;</string>
		</dict>
		<key>8C2E8E091946FE2A00D41ED9</key>
		<dict>
			<key>isa</key>
			<string>PBXFileReference</string>
			<key>lastKnownFileType</key>
			<string>image.png</string>
			<key>path</key>
			<string>benjen.png</string>
			<key>sourceTree</key>
			<string>&lt;group&gt;</string>
		</dict>
		<key>8C2E8E0A1946FE2A00D41ED9</key>
		<dict>
			<key>isa</key>
			<string>PBXFileReference</string>
			<key>lastKnownFileType</key>
			<string>image.png</string>
			<key>path</key>
			<string>bolton.png</string>
			<key>sourceTree</key>
			<string>&lt;group&gt;</string>
		</dict>
		<key>8C2E8E0B1946FE2A00D41ED9</key>
		<dict>
			<key>isa</key>
			<string>PBXFileReference</string>
			<key>lastKnownFileType</key>
			<string>image.png</string>
			<key>path</key>
			<string>brandon.png</string>
			<key>sourceTree</key>
			<string>&lt;group&gt;</string>
		</dict>
		<key>8C2E8E0C1946FE2A00D41ED9</key>
		<dict>
			<key>isa</key>
			<string>PBXFileReference</string>
			<key>lastKnownFileType</key>
			<string>image.png</string>
			<key>path</key>
			<string>brynden.png</string>
			<key>sourceTree</key>
			<string>&lt;group&gt;</string>
		</dict>
		<key>8C2E8E0D1946FE2A00D41ED9</key>
		<dict>
			<key>isa</key>
			<string>PBXFileReference</string>
			<key>lastKnownFileType</key>
			<string>image.png</string>
			<key>path</key>
			<string>catelyn.png</string>
			<key>sourceTree</key>
			<string>&lt;group&gt;</string>
		</dict>
		<key>8C2E8E0E1946FE2A00D41ED9</key>
		<dict>
			<key>isa</key>
			<string>PBXFileReference</string>
			<key>lastKnownFileType</key>
			<string>image.png</string>
			<key>path</key>
			<string>cersei.png</string>
			<key>sourceTree</key>
			<string>&lt;group&gt;</string>
		</dict>
		<key>8C2E8E0F1946FE2A00D41ED9</key>
		<dict>
			<key>isa</key>
			<string>PBXFileReference</string>
			<key>lastKnownFileType</key>
			<string>image.png</string>
			<key>path</key>
			<string>craster.png</string>
			<key>sourceTree</key>
			<string>&lt;group&gt;</string>
		</dict>
		<key>8C2E8E101946FE2A00D41ED9</key>
		<dict>
			<key>isa</key>
			<string>PBXFileReference</string>
			<key>lastKnownFileType</key>
			<string>image.png</string>
			<key>path</key>
			<string>daenerys.png</string>
			<key>sourceTree</key>
			<string>&lt;group&gt;</string>
		</dict>
		<key>8C2E8E111946FE2A00D41ED9</key>
		<dict>
			<key>isa</key>
			<string>PBXFileReference</string>
			<key>lastKnownFileType</key>
			<string>image.png</string>
			<key>path</key>
			<string>drogo.png</string>
			<key>sourceTree</key>
			<string>&lt;group&gt;</string>
		</dict>
		<key>8C2E8E121946FE2A00D41ED9</key>
		<dict>
			<key>isa</key>
			<string>PBXFileReference</string>
			<key>lastKnownFileType</key>
			<string>image.png</string>
			<key>path</key>
			<string>eddard.png</string>
			<key>sourceTree</key>
			<string>&lt;group&gt;</string>
		</dict>
		<key>8C2E8E131946FE2A00D41ED9</key>
		<dict>
			<key>isa</key>
			<string>PBXFileReference</string>
			<key>lastKnownFileType</key>
			<string>image.png</string>
			<key>path</key>
			<string>eddison.png</string>
			<key>sourceTree</key>
			<string>&lt;group&gt;</string>
		</dict>
		<key>8C2E8E141946FE2A00D41ED9</key>
		<dict>
			<key>isa</key>
			<string>PBXFileReference</string>
			<key>lastKnownFileType</key>
			<string>image.png</string>
			<key>path</key>
			<string>edmure.png</string>
			<key>sourceTree</key>
			<string>&lt;group&gt;</string>
		</dict>
		<key>8C2E8E151946FE2A00D41ED9</key>
		<dict>
			<key>isa</key>
			<string>PBXFileReference</string>
			<key>lastKnownFileType</key>
			<string>image.jpeg</string>
			<key>path</key>
			<string>frey.jpg</string>
			<key>sourceTree</key>
			<string>&lt;group&gt;</string>
		</dict>
		<key>8C2E8E161946FE2A00D41ED9</key>
		<dict>
			<key>isa</key>
			<string>PBXFileReference</string>
			<key>lastKnownFileType</key>
			<string>image.png</string>
			<key>path</key>
			<string>frey.png</string>
			<key>sourceTree</key>
			<string>&lt;group&gt;</string>
		</dict>
		<key>8C2E8E171946FE2A00D41ED9</key>
		<dict>
			<key>isa</key>
			<string>PBXFileReference</string>
			<key>lastKnownFileType</key>
			<string>image.png</string>
			<key>path</key>
			<string>gendry.png</string>
			<key>sourceTree</key>
			<string>&lt;group&gt;</string>
		</dict>
		<key>8C2E8E181946FE2A00D41ED9</key>
		<dict>
			<key>isa</key>
			<string>PBXFileReference</string>
			<key>lastKnownFileType</key>
			<string>image.png</string>
			<key>path</key>
			<string>gilly.png</string>
			<key>sourceTree</key>
			<string>&lt;group&gt;</string>
		</dict>
		<key>8C2E8E191946FE2A00D41ED9</key>
		<dict>
			<key>isa</key>
			<string>PBXFileReference</string>
			<key>lastKnownFileType</key>
			<string>image.png</string>
			<key>path</key>
			<string>gregor.png</string>
			<key>sourceTree</key>
			<string>&lt;group&gt;</string>
		</dict>
		<key>8C2E8E1A1946FE2A00D41ED9</key>
		<dict>
			<key>isa</key>
			<string>PBXFileReference</string>
			<key>lastKnownFileType</key>
			<string>image.png</string>
			<key>path</key>
			<string>grenn.png</string>
			<key>sourceTree</key>
			<string>&lt;group&gt;</string>
		</dict>
		<key>8C2E8E1B1946FE2A00D41ED9</key>
		<dict>
			<key>isa</key>
			<string>PBXFileReference</string>
			<key>lastKnownFileType</key>
			<string>image.png</string>
			<key>path</key>
			<string>grey.png</string>
			<key>sourceTree</key>
			<string>&lt;group&gt;</string>
		</dict>
		<key>8C2E8E1C1946FE2A00D41ED9</key>
		<dict>
			<key>isa</key>
			<string>PBXFileReference</string>
			<key>lastKnownFileType</key>
			<string>image.jpeg</string>
			<key>path</key>
			<string>greyjoy.jpg</string>
			<key>sourceTree</key>
			<string>&lt;group&gt;</string>
		</dict>
		<key>8C2E8E1D1946FE2A00D41ED9</key>
		<dict>
			<key>isa</key>
			<string>PBXFileReference</string>
			<key>lastKnownFileType</key>
			<string>image.png</string>
			<key>path</key>
			<string>greyjoy.png</string>
			<key>sourceTree</key>
			<string>&lt;group&gt;</string>
		</dict>
		<key>8C2E8E1E1946FE2A00D41ED9</key>
		<dict>
			<key>isa</key>
			<string>PBXFileReference</string>
			<key>lastKnownFileType</key>
			<string>image.png</string>
			<key>path</key>
			<string>hodor.png</string>
			<key>sourceTree</key>
			<string>&lt;group&gt;</string>
		</dict>
		<key>8C2E8E1F1946FE2A00D41ED9</key>
		<dict>
			<key>isa</key>
			<string>PBXFileReference</string>
			<key>lastKnownFileType</key>
			<string>image.png</string>
			<key>path</key>
			<string>jaime.png</string>
			<key>sourceTree</key>
			<string>&lt;group&gt;</string>
		</dict>
		<key>8C2E8E201946FE2A00D41ED9</key>
		<dict>
			<key>isa</key>
			<string>PBXFileReference</string>
			<key>lastKnownFileType</key>
			<string>image.png</string>
			<key>path</key>
			<string>janos.png</string>
			<key>sourceTree</key>
			<string>&lt;group&gt;</string>
		</dict>
		<key>8C2E8E211946FE2A00D41ED9</key>
		<dict>
			<key>isa</key>
			<string>PBXFileReference</string>
			<key>lastKnownFileType</key>
			<string>image.png</string>
			<key>path</key>
			<string>jaqen.png</string>
			<key>sourceTree</key>
			<string>&lt;group&gt;</string>
		</dict>
		<key>8C2E8E221946FE2A00D41ED9</key>
		<dict>
			<key>isa</key>
			<string>PBXFileReference</string>
			<key>lastKnownFileType</key>
			<string>image.png</string>
			<key>path</key>
			<string>jeor.png</string>
			<key>sourceTree</key>
			<string>&lt;group&gt;</string>
		</dict>
		<key>8C2E8E231946FE2A00D41ED9</key>
		<dict>
			<key>isa</key>
			<string>PBXFileReference</string>
			<key>lastKnownFileType</key>
			<string>image.png</string>
			<key>path</key>
			<string>joffrey.png</string>
			<key>sourceTree</key>
			<string>&lt;group&gt;</string>
		</dict>
		<key>8C2E8E241946FE2A00D41ED9</key>
		<dict>
			<key>isa</key>
			<string>PBXFileReference</string>
			<key>lastKnownFileType</key>
			<string>image.png</string>
			<key>path</key>
			<string>jon.png</string>
			<key>sourceTree</key>
			<string>&lt;group&gt;</string>
		</dict>
		<key>8C2E8E251946FE2A00D41ED9</key>
		<dict>
			<key>isa</key>
			<string>PBXFileReference</string>
			<key>lastKnownFileType</key>
			<string>image.png</string>
			<key>path</key>
			<string>jonarryn.png</string>
			<key>sourceTree</key>
			<string>&lt;group&gt;</string>
		</dict>
		<key>8C2E8E261946FE2A00D41ED9</key>
		<dict>
			<key>isa</key>
			<string>PBXFileReference</string>
			<key>lastKnownFileType</key>
			<string>image.png</string>
			<key>path</key>
			<string>jorah.png</string>
			<key>sourceTree</key>
			<string>&lt;group&gt;</string>
		</dict>
		<key>8C2E8E271946FE2A00D41ED9</key>
		<dict>
			<key>isa</key>
			<string>PBXFileReference</string>
			<key>lastKnownFileType</key>
			<string>image.png</string>
			<key>path</key>
			<string>joyeuse.png</string>
			<key>sourceTree</key>
			<string>&lt;group&gt;</string>
		</dict>
		<key>8C2E8E281946FE2A00D41ED9</key>
		<dict>
			<key>isa</key>
			<string>PBXFileReference</string>
			<key>lastKnownFileType</key>
			<string>image.png</string>
			<key>path</key>
			<string>kevan.png</string>
			<key>sourceTree</key>
			<string>&lt;group&gt;</string>
		</dict>
		<key>8C2E8E291946FE2A00D41ED9</key>
		<dict>
			<key>isa</key>
			<string>PBXFileReference</string>
			<key>lastKnownFileType</key>
			<string>image.png</string>
			<key>path</key>
			<string>lancel.png</string>
			<key>sourceTree</key>
			<string>&lt;group&gt;</string>
		</dict>
		<key>8C2E8E2A1946FE2A00D41ED9</key>
		<dict>
			<key>isa</key>
			<string>PBXFileReference</string>
			<key>lastKnownFileType</key>
			<string>image.jpeg</string>
			<key>path</key>
			<string>lannister.jpg</string>
			<key>sourceTree</key>
			<string>&lt;group&gt;</string>
		</dict>
		<key>8C2E8E2B1946FE2A00D41ED9</key>
		<dict>
			<key>isa</key>
			<string>PBXFileReference</string>
			<key>lastKnownFileType</key>
			<string>image.png</string>
			<key>path</key>
			<string>lannister.png</string>
			<key>sourceTree</key>
			<string>&lt;group&gt;</string>
		</dict>
		<key>8C2E8E2C1946FE2A00D41ED9</key>
		<dict>
			<key>isa</key>
			<string>PBXFileReference</string>
			<key>lastKnownFileType</key>
			<string>image.png</string>
			<key>path</key>
			<string>loras.png</string>
			<key>sourceTree</key>
			<string>&lt;group&gt;</string>
		</dict>
		<key>8C2E8E2D1946FE2A00D41ED9</key>
		<dict>
			<key>isa</key>
			<string>PBXFileReference</string>
			<key>lastKnownFileType</key>
			<string>image.png</string>
			<key>path</key>
			<string>lysa.png</string>
			<key>sourceTree</key>
			<string>&lt;group&gt;</string>
		</dict>
		<key>8C2E8E2E1946FE2A00D41ED9</key>
		<dict>
			<key>isa</key>
			<string>PBXFileReference</string>
			<key>lastKnownFileType</key>
			<string>image.png</string>
			<key>path</key>
			<string>mance.png</string>
			<key>sourceTree</key>
			<string>&lt;group&gt;</string>
		</dict>
		<key>8C2E8E2F1946FE2A00D41ED9</key>
		<dict>
			<key>isa</key>
			<string>PBXFileReference</string>
			<key>lastKnownFileType</key>
			<string>image.png</string>
			<key>path</key>
			<string>margaery.png</string>
			<key>sourceTree</key>
			<string>&lt;group&gt;</string>
		</dict>
		<key>8C2E8E301946FE2A00D41ED9</key>
		<dict>
			<key>isa</key>
			<string>PBXFileReference</string>
			<key>lastKnownFileType</key>
			<string>image.png</string>
			<key>path</key>
			<string>melisandre.png</string>
			<key>sourceTree</key>
			<string>&lt;group&gt;</string>
		</dict>
		<key>8C2E8E311946FE2A00D41ED9</key>
		<dict>
			<key>isa</key>
			<string>PBXFileReference</string>
			<key>lastKnownFileType</key>
			<string>image.png</string>
			<key>path</key>
			<string>meryn.png</string>
			<key>sourceTree</key>
			<string>&lt;group&gt;</string>
		</dict>
		<key>8C2E8E321946FE2A00D41ED9</key>
		<dict>
			<key>isa</key>
			<string>PBXFileReference</string>
			<key>lastKnownFileType</key>
			<string>image.png</string>
			<key>path</key>
			<string>missandei.png</string>
			<key>sourceTree</key>
			<string>&lt;group&gt;</string>
		</dict>
		<key>8C2E8E331946FE2A00D41ED9</key>
		<dict>
			<key>isa</key>
			<string>PBXFileReference</string>
			<key>lastKnownFileType</key>
			<string>image.png</string>
			<key>path</key>
			<string>myrcella.png</string>
			<key>sourceTree</key>
			<string>&lt;group&gt;</string>
		</dict>
		<key>8C2E8E341946FE2A00D41ED9</key>
		<dict>
			<key>isa</key>
			<string>PBXFileReference</string>
			<key>lastKnownFileType</key>
			<string>image.png</string>
			<key>path</key>
			<string>olenna.png</string>
			<key>sourceTree</key>
			<string>&lt;group&gt;</string>
		</dict>
		<key>8C2E8E351946FE2A00D41ED9</key>
		<dict>
			<key>isa</key>
			<string>PBXFileReference</string>
			<key>lastKnownFileType</key>
			<string>image.png</string>
			<key>path</key>
			<string>olly.png</string>
			<key>sourceTree</key>
			<string>&lt;group&gt;</string>
		</dict>
		<key>8C2E8E361946FE2A00D41ED9</key>
		<dict>
			<key>isa</key>
			<string>PBXFileReference</string>
			<key>lastKnownFileType</key>
			<string>image.png</string>
			<key>path</key>
			<string>osha.png</string>
			<key>sourceTree</key>
			<string>&lt;group&gt;</string>
		</dict>
		<key>8C2E8E371946FE2A00D41ED9</key>
		<dict>
			<key>isa</key>
			<string>PBXFileReference</string>
			<key>lastKnownFileType</key>
			<string>image.png</string>
			<key>path</key>
			<string>petyr.png</string>
			<key>sourceTree</key>
			<string>&lt;group&gt;</string>
		</dict>
		<key>8C2E8E381946FE2A00D41ED9</key>
		<dict>
			<key>isa</key>
			<string>PBXFileReference</string>
			<key>lastKnownFileType</key>
			<string>image.png</string>
			<key>path</key>
			<string>podrick.png</string>
			<key>sourceTree</key>
			<string>&lt;group&gt;</string>
		</dict>
		<key>8C2E8E391946FE2A00D41ED9</key>
		<dict>
			<key>isa</key>
			<string>PBXFileReference</string>
			<key>lastKnownFileType</key>
			<string>image.png</string>
			<key>path</key>
			<string>pypar.png</string>
			<key>sourceTree</key>
			<string>&lt;group&gt;</string>
		</dict>
		<key>8C2E8E3A1946FE2A00D41ED9</key>
		<dict>
			<key>isa</key>
			<string>PBXFileReference</string>
			<key>lastKnownFileType</key>
			<string>image.png</string>
			<key>path</key>
			<string>ramsay.png</string>
			<key>sourceTree</key>
			<string>&lt;group&gt;</string>
		</dict>
		<key>8C2E8E3B1946FE2A00D41ED9</key>
		<dict>
			<key>isa</key>
			<string>PBXFileReference</string>
			<key>lastKnownFileType</key>
			<string>image.png</string>
			<key>path</key>
			<string>rast.png</string>
			<key>sourceTree</key>
			<string>&lt;group&gt;</string>
		</dict>
		<key>8C2E8E3C1946FE2A00D41ED9</key>
		<dict>
			<key>isa</key>
			<string>PBXFileReference</string>
			<key>lastKnownFileType</key>
			<string>image.png</string>
			<key>path</key>
			<string>renly.png</string>
			<key>sourceTree</key>
			<string>&lt;group&gt;</string>
		</dict>
		<key>8C2E8E3D1946FE2A00D41ED9</key>
		<dict>
			<key>isa</key>
			<string>PBXFileReference</string>
			<key>lastKnownFileType</key>
			<string>image.png</string>
			<key>path</key>
			<string>rhaegar.png</string>
			<key>sourceTree</key>
			<string>&lt;group&gt;</string>
		</dict>
		<key>8C2E8E3E1946FE2A00D41ED9</key>
		<dict>
			<key>isa</key>
			<string>PBXFileReference</string>
			<key>lastKnownFileType</key>
			<string>image.png</string>
			<key>path</key>
			<string>rickon.png</string>
			<key>sourceTree</key>
			<string>&lt;group&gt;</string>
		</dict>
		<key>8C2E8E3F1946FE2A00D41ED9</key>
		<dict>
			<key>isa</key>
			<string>PBXFileReference</string>
			<key>lastKnownFileType</key>
			<string>image.png</string>
			<key>path</key>
			<string>robb.png</string>
			<key>sourceTree</key>
			<string>&lt;group&gt;</string>
		</dict>
		<key>8C2E8E401946FE2A00D41ED9</key>
		<dict>
			<key>isa</key>
			<string>PBXFileReference</string>
			<key>lastKnownFileType</key>
			<string>image.png</string>
			<key>path</key>
			<string>robert.png</string>
			<key>sourceTree</key>
			<string>&lt;group&gt;</string>
		</dict>
		<key>8C2E8E411946FE2A00D41ED9</key>
		<dict>
			<key>isa</key>
			<string>PBXFileReference</string>
			<key>lastKnownFileType</key>
			<string>image.png</string>
			<key>path</key>
			<string>robin.png</string>
			<key>sourceTree</key>
			<string>&lt;group&gt;</string>
		</dict>
		<key>8C2E8E421946FE2A00D41ED9</key>
		<dict>
			<key>isa</key>
			<string>PBXFileReference</string>
			<key>lastKnownFileType</key>
			<string>image.png</string>
			<key>path</key>
			<string>roose.png</string>
			<key>sourceTree</key>
			<string>&lt;group&gt;</string>
		</dict>
		<key>8C2E8E431946FE2A00D41ED9</key>
		<dict>
			<key>isa</key>
			<string>PBXFileReference</string>
			<key>lastKnownFileType</key>
			<string>image.png</string>
			<key>path</key>
			<string>ros.png</string>
			<key>sourceTree</key>
			<string>&lt;group&gt;</string>
		</dict>
		<key>8C2E8E441946FE2A00D41ED9</key>
		<dict>
			<key>isa</key>
			<string>PBXFileReference</string>
			<key>lastKnownFileType</key>
			<string>image.png</string>
			<key>path</key>
			<string>samwell.png</string>
			<key>sourceTree</key>
			<string>&lt;group&gt;</string>
		</dict>
		<key>8C2E8E451946FE2A00D41ED9</key>
		<dict>
			<key>isa</key>
			<string>PBXFileReference</string>
			<key>lastKnownFileType</key>
			<string>image.png</string>
			<key>path</key>
			<string>sandor.png</string>
			<key>sourceTree</key>
			<string>&lt;group&gt;</string>
		</dict>
		<key>8C2E8E461946FE2A00D41ED9</key>
		<dict>
			<key>isa</key>
			<string>PBXFileReference</string>
			<key>lastKnownFileType</key>
			<string>image.png</string>
			<key>path</key>
			<string>sansa.png</string>
			<key>sourceTree</key>
			<string>&lt;group&gt;</string>
		</dict>
		<key>8C2E8E471946FE2A00D41ED9</key>
		<dict>
			<key>isa</key>
			<string>PBXFileReference</string>
			<key>lastKnownFileType</key>
			<string>image.png</string>
			<key>path</key>
			<string>shae.png</string>
			<key>sourceTree</key>
			<string>&lt;group&gt;</string>
		</dict>
		<key>8C2E8E481946FE2A00D41ED9</key>
		<dict>
			<key>isa</key>
			<string>PBXFileReference</string>
			<key>lastKnownFileType</key>
			<string>image.png</string>
			<key>path</key>
			<string>stannis.png</string>
			<key>sourceTree</key>
			<string>&lt;group&gt;</string>
		</dict>
		<key>8C2E8E491946FE2A00D41ED9</key>
		<dict>
			<key>isa</key>
			<string>PBXFileReference</string>
			<key>lastKnownFileType</key>
			<string>image.jpeg</string>
			<key>path</key>
			<string>stark.jpg</string>
			<key>sourceTree</key>
			<string>&lt;group&gt;</string>
		</dict>
		<key>8C2E8E4A1946FE2A00D41ED9</key>
		<dict>
			<key>isa</key>
			<string>PBXFileReference</string>
			<key>lastKnownFileType</key>
			<string>image.png</string>
			<key>path</key>
			<string>stark.png</string>
			<key>sourceTree</key>
			<string>&lt;group&gt;</string>
		</dict>
		<key>8C2E8E4B1946FE2A00D41ED9</key>
		<dict>
			<key>isa</key>
			<string>PBXFileReference</string>
			<key>lastKnownFileType</key>
			<string>image.png</string>
			<key>path</key>
			<string>styr.png</string>
			<key>sourceTree</key>
			<string>&lt;group&gt;</string>
		</dict>
		<key>8C2E8E4C1946FE2A00D41ED9</key>
		<dict>
			<key>isa</key>
			<string>PBXFileReference</string>
			<key>lastKnownFileType</key>
			<string>image.png</string>
			<key>path</key>
			<string>syrio.png</string>
			<key>sourceTree</key>
			<string>&lt;group&gt;</string>
		</dict>
		<key>8C2E8E4D1946FE2A00D41ED9</key>
		<dict>
			<key>isa</key>
			<string>PBXFileReference</string>
			<key>lastKnownFileType</key>
			<string>image.png</string>
			<key>path</key>
			<string>talisa.png</string>
			<key>sourceTree</key>
			<string>&lt;group&gt;</string>
		</dict>
		<key>8C2E8E4E1946FE2A00D41ED9</key>
		<dict>
			<key>isa</key>
			<string>PBXFileReference</string>
			<key>lastKnownFileType</key>
			<string>image.jpeg</string>
			<key>path</key>
			<string>targaryen.jpg</string>
			<key>sourceTree</key>
			<string>&lt;group&gt;</string>
		</dict>
		<key>8C2E8E4F1946FE2A00D41ED9</key>
		<dict>
			<key>isa</key>
			<string>PBXFileReference</string>
			<key>lastKnownFileType</key>
			<string>image.png</string>
			<key>path</key>
			<string>targaryen.png</string>
			<key>sourceTree</key>
			<string>&lt;group&gt;</string>
		</dict>
		<key>8C2E8E501946FE2A00D41ED9</key>
		<dict>
			<key>isa</key>
			<string>PBXFileReference</string>
			<key>lastKnownFileType</key>
			<string>image.png</string>
			<key>path</key>
			<string>theon.png</string>
			<key>sourceTree</key>
			<string>&lt;group&gt;</string>
		</dict>
		<key>8C2E8E511946FE2A00D41ED9</key>
		<dict>
			<key>isa</key>
			<string>PBXFileReference</string>
			<key>lastKnownFileType</key>
			<string>image.png</string>
			<key>path</key>
			<string>tommen.png</string>
			<key>sourceTree</key>
			<string>&lt;group&gt;</string>
		</dict>
		<key>8C2E8E521946FE2A00D41ED9</key>
		<dict>
			<key>isa</key>
			<string>PBXFileReference</string>
			<key>lastKnownFileType</key>
			<string>image.png</string>
			<key>path</key>
			<string>tormund.png</string>
			<key>sourceTree</key>
			<string>&lt;group&gt;</string>
		</dict>
		<key>8C2E8E531946FE2A00D41ED9</key>
		<dict>
			<key>isa</key>
			<string>PBXFileReference</string>
			<key>lastKnownFileType</key>
			<string>image.jpeg</string>
			<key>path</key>
			<string>tully.jpg</string>
			<key>sourceTree</key>
			<string>&lt;group&gt;</string>
		</dict>
		<key>8C2E8E541946FE2A00D41ED9</key>
		<dict>
			<key>isa</key>
			<string>PBXFileReference</string>
			<key>lastKnownFileType</key>
			<string>image.png</string>
			<key>path</key>
			<string>tully.png</string>
			<key>sourceTree</key>
			<string>&lt;group&gt;</string>
		</dict>
		<key>8C2E8E551946FE2A00D41ED9</key>
		<dict>
			<key>isa</key>
			<string>PBXFileReference</string>
			<key>lastKnownFileType</key>
			<string>image.png</string>
			<key>path</key>
			<string>tyrell.png</string>
			<key>sourceTree</key>
			<string>&lt;group&gt;</string>
		</dict>
		<key>8C2E8E561946FE2A00D41ED9</key>
		<dict>
			<key>isa</key>
			<string>PBXFileReference</string>
			<key>lastKnownFileType</key>
			<string>image.png</string>
			<key>path</key>
			<string>tyrion.png</string>
			<key>sourceTree</key>
			<string>&lt;group&gt;</string>
		</dict>
		<key>8C2E8E571946FE2A00D41ED9</key>
		<dict>
			<key>isa</key>
			<string>PBXFileReference</string>
			<key>lastKnownFileType</key>
			<string>image.png</string>
			<key>path</key>
			<string>tywin.png</string>
			<key>sourceTree</key>
			<string>&lt;group&gt;</string>
		</dict>
		<key>8C2E8E581946FE2A00D41ED9</key>
		<dict>
			<key>isa</key>
			<string>PBXFileReference</string>
			<key>lastKnownFileType</key>
			<string>image.png</string>
			<key>path</key>
			<string>varys.png</string>
			<key>sourceTree</key>
			<string>&lt;group&gt;</string>
		</dict>
		<key>8C2E8E591946FE2A00D41ED9</key>
		<dict>
			<key>isa</key>
			<string>PBXFileReference</string>
			<key>lastKnownFileType</key>
			<string>image.png</string>
			<key>path</key>
			<string>viserys.png</string>
			<key>sourceTree</key>
			<string>&lt;group&gt;</string>
		</dict>
		<key>8C2E8E5A1946FE2A00D41ED9</key>
		<dict>
			<key>isa</key>
			<string>PBXFileReference</string>
			<key>lastKnownFileType</key>
			<string>image.png</string>
			<key>path</key>
			<string>walder.png</string>
			<key>sourceTree</key>
			<string>&lt;group&gt;</string>
		</dict>
		<key>8C2E8E5B1946FE2A00D41ED9</key>
		<dict>
			<key>isa</key>
			<string>PBXFileReference</string>
			<key>lastKnownFileType</key>
			<string>image.png</string>
			<key>path</key>
			<string>yara.png</string>
			<key>sourceTree</key>
			<string>&lt;group&gt;</string>
		</dict>
		<key>8C2E8E5C1946FE2A00D41ED9</key>
		<dict>
			<key>isa</key>
			<string>PBXFileReference</string>
			<key>lastKnownFileType</key>
			<string>image.png</string>
			<key>path</key>
			<string>ygritte.png</string>
			<key>sourceTree</key>
			<string>&lt;group&gt;</string>
		</dict>
		<key>8C2E8E5D1946FE2A00D41ED9</key>
		<dict>
			<key>fileRef</key>
			<string>8C2E8DFF1946FE2A00D41ED9</string>
			<key>isa</key>
			<string>PBXBuildFile</string>
		</dict>
		<key>8C2E8E5E1946FE2A00D41ED9</key>
		<dict>
			<key>fileRef</key>
			<string>8C2E8E001946FE2A00D41ED9</string>
			<key>isa</key>
			<string>PBXBuildFile</string>
		</dict>
		<key>8C2E8E5F1946FE2A00D41ED9</key>
		<dict>
			<key>fileRef</key>
			<string>8C2E8E011946FE2A00D41ED9</string>
			<key>isa</key>
			<string>PBXBuildFile</string>
		</dict>
		<key>8C2E8E601946FE2A00D41ED9</key>
		<dict>
			<key>fileRef</key>
			<string>8C2E8E021946FE2A00D41ED9</string>
			<key>isa</key>
			<string>PBXBuildFile</string>
		</dict>
		<key>8C2E8E611946FE2A00D41ED9</key>
		<dict>
			<key>fileRef</key>
			<string>8C2E8E031946FE2A00D41ED9</string>
			<key>isa</key>
			<string>PBXBuildFile</string>
		</dict>
		<key>8C2E8E621946FE2A00D41ED9</key>
		<dict>
			<key>fileRef</key>
			<string>8C2E8E041946FE2A00D41ED9</string>
			<key>isa</key>
			<string>PBXBuildFile</string>
		</dict>
		<key>8C2E8E631946FE2A00D41ED9</key>
		<dict>
			<key>fileRef</key>
			<string>8C2E8E051946FE2A00D41ED9</string>
			<key>isa</key>
			<string>PBXBuildFile</string>
		</dict>
		<key>8C2E8E641946FE2A00D41ED9</key>
		<dict>
			<key>fileRef</key>
			<string>8C2E8E061946FE2A00D41ED9</string>
			<key>isa</key>
			<string>PBXBuildFile</string>
		</dict>
		<key>8C2E8E651946FE2A00D41ED9</key>
		<dict>
			<key>fileRef</key>
			<string>8C2E8E071946FE2A00D41ED9</string>
			<key>isa</key>
			<string>PBXBuildFile</string>
		</dict>
		<key>8C2E8E661946FE2A00D41ED9</key>
		<dict>
			<key>fileRef</key>
			<string>8C2E8E081946FE2A00D41ED9</string>
			<key>isa</key>
			<string>PBXBuildFile</string>
		</dict>
		<key>8C2E8E671946FE2A00D41ED9</key>
		<dict>
			<key>fileRef</key>
			<string>8C2E8E091946FE2A00D41ED9</string>
			<key>isa</key>
			<string>PBXBuildFile</string>
		</dict>
		<key>8C2E8E681946FE2A00D41ED9</key>
		<dict>
			<key>fileRef</key>
			<string>8C2E8E0A1946FE2A00D41ED9</string>
			<key>isa</key>
			<string>PBXBuildFile</string>
		</dict>
		<key>8C2E8E691946FE2A00D41ED9</key>
		<dict>
			<key>fileRef</key>
			<string>8C2E8E0B1946FE2A00D41ED9</string>
			<key>isa</key>
			<string>PBXBuildFile</string>
		</dict>
		<key>8C2E8E6A1946FE2A00D41ED9</key>
		<dict>
			<key>fileRef</key>
			<string>8C2E8E0C1946FE2A00D41ED9</string>
			<key>isa</key>
			<string>PBXBuildFile</string>
		</dict>
		<key>8C2E8E6B1946FE2A00D41ED9</key>
		<dict>
			<key>fileRef</key>
			<string>8C2E8E0D1946FE2A00D41ED9</string>
			<key>isa</key>
			<string>PBXBuildFile</string>
		</dict>
		<key>8C2E8E6C1946FE2A00D41ED9</key>
		<dict>
			<key>fileRef</key>
			<string>8C2E8E0E1946FE2A00D41ED9</string>
			<key>isa</key>
			<string>PBXBuildFile</string>
		</dict>
		<key>8C2E8E6D1946FE2A00D41ED9</key>
		<dict>
			<key>fileRef</key>
			<string>8C2E8E0F1946FE2A00D41ED9</string>
			<key>isa</key>
			<string>PBXBuildFile</string>
		</dict>
		<key>8C2E8E6E1946FE2A00D41ED9</key>
		<dict>
			<key>fileRef</key>
			<string>8C2E8E101946FE2A00D41ED9</string>
			<key>isa</key>
			<string>PBXBuildFile</string>
		</dict>
		<key>8C2E8E6F1946FE2A00D41ED9</key>
		<dict>
			<key>fileRef</key>
			<string>8C2E8E111946FE2A00D41ED9</string>
			<key>isa</key>
			<string>PBXBuildFile</string>
		</dict>
		<key>8C2E8E701946FE2A00D41ED9</key>
		<dict>
			<key>fileRef</key>
			<string>8C2E8E121946FE2A00D41ED9</string>
			<key>isa</key>
			<string>PBXBuildFile</string>
		</dict>
		<key>8C2E8E711946FE2A00D41ED9</key>
		<dict>
			<key>fileRef</key>
			<string>8C2E8E131946FE2A00D41ED9</string>
			<key>isa</key>
			<string>PBXBuildFile</string>
		</dict>
		<key>8C2E8E721946FE2A00D41ED9</key>
		<dict>
			<key>fileRef</key>
			<string>8C2E8E141946FE2A00D41ED9</string>
			<key>isa</key>
			<string>PBXBuildFile</string>
		</dict>
		<key>8C2E8E731946FE2A00D41ED9</key>
		<dict>
			<key>fileRef</key>
			<string>8C2E8E151946FE2A00D41ED9</string>
			<key>isa</key>
			<string>PBXBuildFile</string>
		</dict>
		<key>8C2E8E741946FE2A00D41ED9</key>
		<dict>
			<key>fileRef</key>
			<string>8C2E8E161946FE2A00D41ED9</string>
			<key>isa</key>
			<string>PBXBuildFile</string>
		</dict>
		<key>8C2E8E751946FE2A00D41ED9</key>
		<dict>
			<key>fileRef</key>
			<string>8C2E8E171946FE2A00D41ED9</string>
			<key>isa</key>
			<string>PBXBuildFile</string>
		</dict>
		<key>8C2E8E761946FE2A00D41ED9</key>
		<dict>
			<key>fileRef</key>
			<string>8C2E8E181946FE2A00D41ED9</string>
			<key>isa</key>
			<string>PBXBuildFile</string>
		</dict>
		<key>8C2E8E771946FE2A00D41ED9</key>
		<dict>
			<key>fileRef</key>
			<string>8C2E8E191946FE2A00D41ED9</string>
			<key>isa</key>
			<string>PBXBuildFile</string>
		</dict>
		<key>8C2E8E781946FE2A00D41ED9</key>
		<dict>
			<key>fileRef</key>
			<string>8C2E8E1A1946FE2A00D41ED9</string>
			<key>isa</key>
			<string>PBXBuildFile</string>
		</dict>
		<key>8C2E8E791946FE2A00D41ED9</key>
		<dict>
			<key>fileRef</key>
			<string>8C2E8E1B1946FE2A00D41ED9</string>
			<key>isa</key>
			<string>PBXBuildFile</string>
		</dict>
		<key>8C2E8E7A1946FE2A00D41ED9</key>
		<dict>
			<key>fileRef</key>
			<string>8C2E8E1C1946FE2A00D41ED9</string>
			<key>isa</key>
			<string>PBXBuildFile</string>
		</dict>
		<key>8C2E8E7B1946FE2A00D41ED9</key>
		<dict>
			<key>fileRef</key>
			<string>8C2E8E1D1946FE2A00D41ED9</string>
			<key>isa</key>
			<string>PBXBuildFile</string>
		</dict>
		<key>8C2E8E7C1946FE2A00D41ED9</key>
		<dict>
			<key>fileRef</key>
			<string>8C2E8E1E1946FE2A00D41ED9</string>
			<key>isa</key>
			<string>PBXBuildFile</string>
		</dict>
		<key>8C2E8E7D1946FE2A00D41ED9</key>
		<dict>
			<key>fileRef</key>
			<string>8C2E8E1F1946FE2A00D41ED9</string>
			<key>isa</key>
			<string>PBXBuildFile</string>
		</dict>
		<key>8C2E8E7E1946FE2A00D41ED9</key>
		<dict>
			<key>fileRef</key>
			<string>8C2E8E201946FE2A00D41ED9</string>
			<key>isa</key>
			<string>PBXBuildFile</string>
		</dict>
		<key>8C2E8E7F1946FE2A00D41ED9</key>
		<dict>
			<key>fileRef</key>
			<string>8C2E8E211946FE2A00D41ED9</string>
			<key>isa</key>
			<string>PBXBuildFile</string>
		</dict>
		<key>8C2E8E801946FE2A00D41ED9</key>
		<dict>
			<key>fileRef</key>
			<string>8C2E8E221946FE2A00D41ED9</string>
			<key>isa</key>
			<string>PBXBuildFile</string>
		</dict>
		<key>8C2E8E811946FE2A00D41ED9</key>
		<dict>
			<key>fileRef</key>
			<string>8C2E8E231946FE2A00D41ED9</string>
			<key>isa</key>
			<string>PBXBuildFile</string>
		</dict>
		<key>8C2E8E821946FE2A00D41ED9</key>
		<dict>
			<key>fileRef</key>
			<string>8C2E8E241946FE2A00D41ED9</string>
			<key>isa</key>
			<string>PBXBuildFile</string>
		</dict>
		<key>8C2E8E831946FE2A00D41ED9</key>
		<dict>
			<key>fileRef</key>
			<string>8C2E8E251946FE2A00D41ED9</string>
			<key>isa</key>
			<string>PBXBuildFile</string>
		</dict>
		<key>8C2E8E841946FE2A00D41ED9</key>
		<dict>
			<key>fileRef</key>
			<string>8C2E8E261946FE2A00D41ED9</string>
			<key>isa</key>
			<string>PBXBuildFile</string>
		</dict>
		<key>8C2E8E851946FE2A00D41ED9</key>
		<dict>
			<key>fileRef</key>
			<string>8C2E8E271946FE2A00D41ED9</string>
			<key>isa</key>
			<string>PBXBuildFile</string>
		</dict>
		<key>8C2E8E861946FE2A00D41ED9</key>
		<dict>
			<key>fileRef</key>
			<string>8C2E8E281946FE2A00D41ED9</string>
			<key>isa</key>
			<string>PBXBuildFile</string>
		</dict>
		<key>8C2E8E871946FE2A00D41ED9</key>
		<dict>
			<key>fileRef</key>
			<string>8C2E8E291946FE2A00D41ED9</string>
			<key>isa</key>
			<string>PBXBuildFile</string>
		</dict>
		<key>8C2E8E881946FE2A00D41ED9</key>
		<dict>
			<key>fileRef</key>
			<string>8C2E8E2A1946FE2A00D41ED9</string>
			<key>isa</key>
			<string>PBXBuildFile</string>
		</dict>
		<key>8C2E8E891946FE2A00D41ED9</key>
		<dict>
			<key>fileRef</key>
			<string>8C2E8E2B1946FE2A00D41ED9</string>
			<key>isa</key>
			<string>PBXBuildFile</string>
		</dict>
		<key>8C2E8E8A1946FE2A00D41ED9</key>
		<dict>
			<key>fileRef</key>
			<string>8C2E8E2C1946FE2A00D41ED9</string>
			<key>isa</key>
			<string>PBXBuildFile</string>
		</dict>
		<key>8C2E8E8B1946FE2A00D41ED9</key>
		<dict>
			<key>fileRef</key>
			<string>8C2E8E2D1946FE2A00D41ED9</string>
			<key>isa</key>
			<string>PBXBuildFile</string>
		</dict>
		<key>8C2E8E8C1946FE2A00D41ED9</key>
		<dict>
			<key>fileRef</key>
			<string>8C2E8E2E1946FE2A00D41ED9</string>
			<key>isa</key>
			<string>PBXBuildFile</string>
		</dict>
		<key>8C2E8E8D1946FE2A00D41ED9</key>
		<dict>
			<key>fileRef</key>
			<string>8C2E8E2F1946FE2A00D41ED9</string>
			<key>isa</key>
			<string>PBXBuildFile</string>
		</dict>
		<key>8C2E8E8E1946FE2A00D41ED9</key>
		<dict>
			<key>fileRef</key>
			<string>8C2E8E301946FE2A00D41ED9</string>
			<key>isa</key>
			<string>PBXBuildFile</string>
		</dict>
		<key>8C2E8E8F1946FE2A00D41ED9</key>
		<dict>
			<key>fileRef</key>
			<string>8C2E8E311946FE2A00D41ED9</string>
			<key>isa</key>
			<string>PBXBuildFile</string>
		</dict>
		<key>8C2E8E901946FE2A00D41ED9</key>
		<dict>
			<key>fileRef</key>
			<string>8C2E8E321946FE2A00D41ED9</string>
			<key>isa</key>
			<string>PBXBuildFile</string>
		</dict>
		<key>8C2E8E911946FE2A00D41ED9</key>
		<dict>
			<key>fileRef</key>
			<string>8C2E8E331946FE2A00D41ED9</string>
			<key>isa</key>
			<string>PBXBuildFile</string>
		</dict>
		<key>8C2E8E921946FE2A00D41ED9</key>
		<dict>
			<key>fileRef</key>
			<string>8C2E8E341946FE2A00D41ED9</string>
			<key>isa</key>
			<string>PBXBuildFile</string>
		</dict>
		<key>8C2E8E931946FE2A00D41ED9</key>
		<dict>
			<key>fileRef</key>
			<string>8C2E8E351946FE2A00D41ED9</string>
			<key>isa</key>
			<string>PBXBuildFile</string>
		</dict>
		<key>8C2E8E941946FE2A00D41ED9</key>
		<dict>
			<key>fileRef</key>
			<string>8C2E8E361946FE2A00D41ED9</string>
			<key>isa</key>
			<string>PBXBuildFile</string>
		</dict>
		<key>8C2E8E951946FE2A00D41ED9</key>
		<dict>
			<key>fileRef</key>
			<string>8C2E8E371946FE2A00D41ED9</string>
			<key>isa</key>
			<string>PBXBuildFile</string>
		</dict>
		<key>8C2E8E961946FE2A00D41ED9</key>
		<dict>
			<key>fileRef</key>
			<string>8C2E8E381946FE2A00D41ED9</string>
			<key>isa</key>
			<string>PBXBuildFile</string>
		</dict>
		<key>8C2E8E971946FE2A00D41ED9</key>
		<dict>
			<key>fileRef</key>
			<string>8C2E8E391946FE2A00D41ED9</string>
			<key>isa</key>
			<string>PBXBuildFile</string>
		</dict>
		<key>8C2E8E981946FE2A00D41ED9</key>
		<dict>
			<key>fileRef</key>
			<string>8C2E8E3A1946FE2A00D41ED9</string>
			<key>isa</key>
			<string>PBXBuildFile</string>
		</dict>
		<key>8C2E8E991946FE2A00D41ED9</key>
		<dict>
			<key>fileRef</key>
			<string>8C2E8E3B1946FE2A00D41ED9</string>
			<key>isa</key>
			<string>PBXBuildFile</string>
		</dict>
		<key>8C2E8E9A1946FE2A00D41ED9</key>
		<dict>
			<key>fileRef</key>
			<string>8C2E8E3C1946FE2A00D41ED9</string>
			<key>isa</key>
			<string>PBXBuildFile</string>
		</dict>
		<key>8C2E8E9B1946FE2A00D41ED9</key>
		<dict>
			<key>fileRef</key>
			<string>8C2E8E3D1946FE2A00D41ED9</string>
			<key>isa</key>
			<string>PBXBuildFile</string>
		</dict>
		<key>8C2E8E9C1946FE2A00D41ED9</key>
		<dict>
			<key>fileRef</key>
			<string>8C2E8E3E1946FE2A00D41ED9</string>
			<key>isa</key>
			<string>PBXBuildFile</string>
		</dict>
		<key>8C2E8E9D1946FE2A00D41ED9</key>
		<dict>
			<key>fileRef</key>
			<string>8C2E8E3F1946FE2A00D41ED9</string>
			<key>isa</key>
			<string>PBXBuildFile</string>
		</dict>
		<key>8C2E8E9E1946FE2A00D41ED9</key>
		<dict>
			<key>fileRef</key>
			<string>8C2E8E401946FE2A00D41ED9</string>
			<key>isa</key>
			<string>PBXBuildFile</string>
		</dict>
		<key>8C2E8E9F1946FE2A00D41ED9</key>
		<dict>
			<key>fileRef</key>
			<string>8C2E8E411946FE2A00D41ED9</string>
			<key>isa</key>
			<string>PBXBuildFile</string>
		</dict>
		<key>8C2E8EA01946FE2A00D41ED9</key>
		<dict>
			<key>fileRef</key>
			<string>8C2E8E421946FE2A00D41ED9</string>
			<key>isa</key>
			<string>PBXBuildFile</string>
		</dict>
		<key>8C2E8EA11946FE2A00D41ED9</key>
		<dict>
			<key>fileRef</key>
			<string>8C2E8E431946FE2A00D41ED9</string>
			<key>isa</key>
			<string>PBXBuildFile</string>
		</dict>
		<key>8C2E8EA21946FE2A00D41ED9</key>
		<dict>
			<key>fileRef</key>
			<string>8C2E8E441946FE2A00D41ED9</string>
			<key>isa</key>
			<string>PBXBuildFile</string>
		</dict>
		<key>8C2E8EA31946FE2A00D41ED9</key>
		<dict>
			<key>fileRef</key>
			<string>8C2E8E451946FE2A00D41ED9</string>
			<key>isa</key>
			<string>PBXBuildFile</string>
		</dict>
		<key>8C2E8EA41946FE2A00D41ED9</key>
		<dict>
			<key>fileRef</key>
			<string>8C2E8E461946FE2A00D41ED9</string>
			<key>isa</key>
			<string>PBXBuildFile</string>
		</dict>
		<key>8C2E8EA51946FE2A00D41ED9</key>
		<dict>
			<key>fileRef</key>
			<string>8C2E8E471946FE2A00D41ED9</string>
			<key>isa</key>
			<string>PBXBuildFile</string>
		</dict>
		<key>8C2E8EA61946FE2A00D41ED9</key>
		<dict>
			<key>fileRef</key>
			<string>8C2E8E481946FE2A00D41ED9</string>
			<key>isa</key>
			<string>PBXBuildFile</string>
		</dict>
		<key>8C2E8EA71946FE2A00D41ED9</key>
		<dict>
			<key>fileRef</key>
			<string>8C2E8E491946FE2A00D41ED9</string>
			<key>isa</key>
			<string>PBXBuildFile</string>
		</dict>
		<key>8C2E8EA81946FE2A00D41ED9</key>
		<dict>
			<key>fileRef</key>
			<string>8C2E8E4A1946FE2A00D41ED9</string>
			<key>isa</key>
			<string>PBXBuildFile</string>
		</dict>
		<key>8C2E8EA91946FE2A00D41ED9</key>
		<dict>
			<key>fileRef</key>
			<string>8C2E8E4B1946FE2A00D41ED9</string>
			<key>isa</key>
			<string>PBXBuildFile</string>
		</dict>
		<key>8C2E8EAA1946FE2A00D41ED9</key>
		<dict>
			<key>fileRef</key>
			<string>8C2E8E4C1946FE2A00D41ED9</string>
			<key>isa</key>
			<string>PBXBuildFile</string>
		</dict>
		<key>8C2E8EAB1946FE2A00D41ED9</key>
		<dict>
			<key>fileRef</key>
			<string>8C2E8E4D1946FE2A00D41ED9</string>
			<key>isa</key>
			<string>PBXBuildFile</string>
		</dict>
		<key>8C2E8EAC1946FE2A00D41ED9</key>
		<dict>
			<key>fileRef</key>
			<string>8C2E8E4E1946FE2A00D41ED9</string>
			<key>isa</key>
			<string>PBXBuildFile</string>
		</dict>
		<key>8C2E8EAD1946FE2A00D41ED9</key>
		<dict>
			<key>fileRef</key>
			<string>8C2E8E4F1946FE2A00D41ED9</string>
			<key>isa</key>
			<string>PBXBuildFile</string>
		</dict>
		<key>8C2E8EAE1946FE2A00D41ED9</key>
		<dict>
			<key>fileRef</key>
			<string>8C2E8E501946FE2A00D41ED9</string>
			<key>isa</key>
			<string>PBXBuildFile</string>
		</dict>
		<key>8C2E8EAF1946FE2A00D41ED9</key>
		<dict>
			<key>fileRef</key>
			<string>8C2E8E511946FE2A00D41ED9</string>
			<key>isa</key>
			<string>PBXBuildFile</string>
		</dict>
		<key>8C2E8EB01946FE2A00D41ED9</key>
		<dict>
			<key>fileRef</key>
			<string>8C2E8E521946FE2A00D41ED9</string>
			<key>isa</key>
			<string>PBXBuildFile</string>
		</dict>
		<key>8C2E8EB11946FE2A00D41ED9</key>
		<dict>
			<key>fileRef</key>
			<string>8C2E8E531946FE2A00D41ED9</string>
			<key>isa</key>
			<string>PBXBuildFile</string>
		</dict>
		<key>8C2E8EB21946FE2A00D41ED9</key>
		<dict>
			<key>fileRef</key>
			<string>8C2E8E541946FE2A00D41ED9</string>
			<key>isa</key>
			<string>PBXBuildFile</string>
		</dict>
		<key>8C2E8EB31946FE2A00D41ED9</key>
		<dict>
			<key>fileRef</key>
			<string>8C2E8E551946FE2A00D41ED9</string>
			<key>isa</key>
			<string>PBXBuildFile</string>
		</dict>
		<key>8C2E8EB41946FE2A00D41ED9</key>
		<dict>
			<key>fileRef</key>
			<string>8C2E8E561946FE2A00D41ED9</string>
			<key>isa</key>
			<string>PBXBuildFile</string>
		</dict>
		<key>8C2E8EB51946FE2A00D41ED9</key>
		<dict>
			<key>fileRef</key>
			<string>8C2E8E571946FE2A00D41ED9</string>
			<key>isa</key>
			<string>PBXBuildFile</string>
		</dict>
		<key>8C2E8EB61946FE2A00D41ED9</key>
		<dict>
			<key>fileRef</key>
			<string>8C2E8E581946FE2A00D41ED9</string>
			<key>isa</key>
			<string>PBXBuildFile</string>
		</dict>
		<key>8C2E8EB71946FE2A00D41ED9</key>
		<dict>
			<key>fileRef</key>
			<string>8C2E8E591946FE2A00D41ED9</string>
			<key>isa</key>
			<string>PBXBuildFile</string>
		</dict>
		<key>8C2E8EB81946FE2A00D41ED9</key>
		<dict>
			<key>fileRef</key>
			<string>8C2E8E5A1946FE2A00D41ED9</string>
			<key>isa</key>
			<string>PBXBuildFile</string>
		</dict>
		<key>8C2E8EB91946FE2A00D41ED9</key>
		<dict>
			<key>fileRef</key>
			<string>8C2E8E5B1946FE2A00D41ED9</string>
			<key>isa</key>
			<string>PBXBuildFile</string>
		</dict>
		<key>8C2E8EBA1946FE2A00D41ED9</key>
		<dict>
			<key>fileRef</key>
			<string>8C2E8E5C1946FE2A00D41ED9</string>
			<key>isa</key>
			<string>PBXBuildFile</string>
		</dict>
		<key>8C50262B1946E511009D2C47</key>
		<dict>
			<key>children</key>
			<array>
				<string>8C50263D1946E511009D2C47</string>
				<string>8C50265C1946E511009D2C47</string>
				<string>8C5026361946E511009D2C47</string>
				<string>8C5026351946E511009D2C47</string>
			</array>
			<key>isa</key>
			<string>PBXGroup</string>
			<key>sourceTree</key>
			<string>&lt;group&gt;</string>
		</dict>
		<key>8C50262C1946E511009D2C47</key>
		<dict>
			<key>attributes</key>
			<dict>
				<key>LastUpgradeCheck</key>
				<string>0510</string>
				<key>ORGANIZATIONNAME</key>
				<string>Ricardo Sanchez</string>
				<key>TargetAttributes</key>
				<dict>
					<key>8C5026541946E511009D2C47</key>
					<dict>
						<key>TestTargetID</key>
						<string>8C5026331946E511009D2C47</string>
					</dict>
				</dict>
			</dict>
			<key>buildConfigurationList</key>
			<string>8C50262F1946E511009D2C47</string>
			<key>compatibilityVersion</key>
			<string>Xcode 3.2</string>
			<key>developmentRegion</key>
			<string>English</string>
			<key>hasScannedForEncodings</key>
			<string>0</string>
			<key>isa</key>
			<string>PBXProject</string>
			<key>knownRegions</key>
			<array>
				<string>en</string>
				<string>Base</string>
			</array>
			<key>mainGroup</key>
			<string>8C50262B1946E511009D2C47</string>
			<key>productRefGroup</key>
			<string>8C5026351946E511009D2C47</string>
			<key>projectDirPath</key>
			<string></string>
			<key>projectReferences</key>
			<array/>
			<key>projectRoot</key>
			<string></string>
			<key>targets</key>
			<array>
				<string>8C5026331946E511009D2C47</string>
				<string>8C5026541946E511009D2C47</string>
			</array>
		</dict>
		<key>8C50262F1946E511009D2C47</key>
		<dict>
			<key>buildConfigurations</key>
			<array>
				<string>8C5026641946E511009D2C47</string>
				<string>8C5026651946E511009D2C47</string>
			</array>
			<key>defaultConfigurationIsVisible</key>
			<string>0</string>
			<key>defaultConfigurationName</key>
			<string>Release</string>
			<key>isa</key>
			<string>XCConfigurationList</string>
		</dict>
		<key>8C5026301946E511009D2C47</key>
		<dict>
			<key>buildActionMask</key>
			<string>2147483647</string>
			<key>files</key>
			<array>
				<string>8CD142D41946E790003AE87B</string>
				<string>3F4957A119498FC100075A46</string>
				<string>3F4957A71949AF0C00075A46</string>
				<string>8CD142D11946E592003AE87B</string>
				<string>3F4957A419499CC300075A46</string>
				<string>8C5026481946E511009D2C47</string>
				<string>8C5026441946E511009D2C47</string>
				<string>8CD142D71946E7B7003AE87B</string>
			</array>
			<key>isa</key>
			<string>PBXSourcesBuildPhase</string>
			<key>runOnlyForDeploymentPostprocessing</key>
			<string>0</string>
		</dict>
		<key>8C5026311946E511009D2C47</key>
		<dict>
			<key>buildActionMask</key>
			<string>2147483647</string>
			<key>files</key>
			<array>
				<string>8C50263A1946E511009D2C47</string>
				<string>8C50263C1946E511009D2C47</string>
				<string>8C5026381946E511009D2C47</string>
			</array>
			<key>isa</key>
			<string>PBXFrameworksBuildPhase</string>
			<key>runOnlyForDeploymentPostprocessing</key>
			<string>0</string>
		</dict>
		<key>8C5026321946E511009D2C47</key>
		<dict>
			<key>buildActionMask</key>
			<string>2147483647</string>
			<key>files</key>
			<array>
				<string>8C2E8E841946FE2A00D41ED9</string>
				<string>8C2E8E711946FE2A00D41ED9</string>
				<string>8C2E8E761946FE2A00D41ED9</string>
				<string>8C2E8E811946FE2A00D41ED9</string>
				<string>8C2E8EA31946FE2A00D41ED9</string>
				<string>8C2E8E8C1946FE2A00D41ED9</string>
				<string>8C924B921946E55600FF397C</string>
				<string>8C2E8E701946FE2A00D41ED9</string>
				<string>8C2E8E6B1946FE2A00D41ED9</string>
				<string>8C2E8E951946FE2A00D41ED9</string>
				<string>8C2E8EBA1946FE2A00D41ED9</string>
				<string>8C2E8EAD1946FE2A00D41ED9</string>
				<string>8C2E8E831946FE2A00D41ED9</string>
				<string>8C2E8E981946FE2A00D41ED9</string>
				<string>8C2E8E911946FE2A00D41ED9</string>
				<string>8C2E8EA01946FE2A00D41ED9</string>
				<string>8C2E8EA61946FE2A00D41ED9</string>
				<string>8C2E8E851946FE2A00D41ED9</string>
				<string>8C2E8E651946FE2A00D41ED9</string>
				<string>8C2E8E661946FE2A00D41ED9</string>
				<string>8C2E8E771946FE2A00D41ED9</string>
				<string>8C2E8E881946FE2A00D41ED9</string>
				<string>8C2E8E6E1946FE2A00D41ED9</string>
				<string>8C2E8E861946FE2A00D41ED9</string>
				<string>8C2E8EB01946FE2A00D41ED9</string>
				<string>8C2E8E7A1946FE2A00D41ED9</string>
				<string>8C5026501946E511009D2C47</string>
				<string>8C2E8EB91946FE2A00D41ED9</string>
				<string>8C2E8E801946FE2A00D41ED9</string>
				<string>8C2E8E9F1946FE2A00D41ED9</string>
				<string>8C2E8E921946FE2A00D41ED9</string>
				<string>8C2E8EA51946FE2A00D41ED9</string>
				<string>8C2E8EB31946FE2A00D41ED9</string>
				<string>8C2E8E601946FE2A00D41ED9</string>
				<string>8C2E8EA91946FE2A00D41ED9</string>
				<string>8C2E8E5E1946FE2A00D41ED9</string>
				<string>8C2E8EA71946FE2A00D41ED9</string>
				<string>8C2E8E641946FE2A00D41ED9</string>
				<string>8C2E8E8A1946FE2A00D41ED9</string>
				<string>8C2E8E6C1946FE2A00D41ED9</string>
				<string>8C2E8EAB1946FE2A00D41ED9</string>
				<string>8C2E8E941946FE2A00D41ED9</string>
				<string>8C2E8E871946FE2A00D41ED9</string>
				<string>8C2E8E7B1946FE2A00D41ED9</string>
				<string>8C2E8E9E1946FE2A00D41ED9</string>
				<string>8C2E8E9B1946FE2A00D41ED9</string>
				<string>8C2E8E691946FE2A00D41ED9</string>
				<string>8C2E8EB21946FE2A00D41ED9</string>
				<string>8C2E8E8B1946FE2A00D41ED9</string>
				<string>8C2E8E741946FE2A00D41ED9</string>
				<string>8C2E8E9C1946FE2A00D41ED9</string>
				<string>8C2E8E6A1946FE2A00D41ED9</string>
				<string>8C2E8E631946FE2A00D41ED9</string>
				<string>8C2E8EA41946FE2A00D41ED9</string>
				<string>8C2E8E9D1946FE2A00D41ED9</string>
				<string>8C2E8EB51946FE2A00D41ED9</string>
				<string>8C2E8E7D1946FE2A00D41ED9</string>
				<string>8C2E8E611946FE2A00D41ED9</string>
				<string>8C2E8E5D1946FE2A00D41ED9</string>
				<string>8C2E8E621946FE2A00D41ED9</string>
				<string>8C2E8E9A1946FE2A00D41ED9</string>
				<string>8C2E8E891946FE2A00D41ED9</string>
				<string>8C2E8EB81946FE2A00D41ED9</string>
				<string>8C2E8E961946FE2A00D41ED9</string>
				<string>8C2E8E681946FE2A00D41ED9</string>
				<string>8C2E8E8E1946FE2A00D41ED9</string>
				<string>8C2E8E971946FE2A00D41ED9</string>
				<string>8C2E8E781946FE2A00D41ED9</string>
				<string>8C5026421946E511009D2C47</string>
				<string>8C2E8E7F1946FE2A00D41ED9</string>
				<string>8C2E8E8D1946FE2A00D41ED9</string>
				<string>8C2E8E751946FE2A00D41ED9</string>
				<string>8C2E8EB71946FE2A00D41ED9</string>
				<string>8C2E8E5F1946FE2A00D41ED9</string>
				<string>8C2E8EAE1946FE2A00D41ED9</string>
				<string>8C2E8E8F1946FE2A00D41ED9</string>
				<string>8C2E8E901946FE2A00D41ED9</string>
				<string>8C2E8EAA1946FE2A00D41ED9</string>
				<string>8C2E8EA81946FE2A00D41ED9</string>
				<string>8C2E8E7E1946FE2A00D41ED9</string>
				<string>8C2E8E7C1946FE2A00D41ED9</string>
				<string>8C2E8E791946FE2A00D41ED9</string>
				<string>8C2E8E991946FE2A00D41ED9</string>
				<string>8C2E8EB41946FE2A00D41ED9</string>
				<string>8C2E8EAC1946FE2A00D41ED9</string>
				<string>8C2E8E671946FE2A00D41ED9</string>
				<string>8C2E8E731946FE2A00D41ED9</string>
				<string>8C2E8E6D1946FE2A00D41ED9</string>
				<string>8C2E8E931946FE2A00D41ED9</string>
				<string>8C50264B1946E511009D2C47</string>
				<string>8C2E8EB11946FE2A00D41ED9</string>
				<string>8C2E8E821946FE2A00D41ED9</string>
				<string>8C2E8E6F1946FE2A00D41ED9</string>
				<string>8C2E8EA11946FE2A00D41ED9</string>
				<string>8C2E8E721946FE2A00D41ED9</string>
				<string>8C2E8EB61946FE2A00D41ED9</string>
				<string>8C2E8EAF1946FE2A00D41ED9</string>
				<string>8C2E8EA21946FE2A00D41ED9</string>
			</array>
			<key>isa</key>
			<string>PBXResourcesBuildPhase</string>
			<key>runOnlyForDeploymentPostprocessing</key>
			<string>0</string>
		</dict>
		<key>8C5026331946E511009D2C47</key>
		<dict>
			<key>buildConfigurationList</key>
			<string>8C5026661946E511009D2C47</string>
			<key>buildPhases</key>
			<array>
				<string>8C5026301946E511009D2C47</string>
				<string>8C5026311946E511009D2C47</string>
				<string>8C5026321946E511009D2C47</string>
			</array>
			<key>buildRules</key>
			<array/>
			<key>dependencies</key>
			<array/>
			<key>isa</key>
			<string>PBXNativeTarget</string>
			<key>name</key>
			<string>GOTTableView</string>
			<key>productName</key>
			<string>GOTTableView</string>
			<key>productReference</key>
			<string>8C5026341946E511009D2C47</string>
			<key>productType</key>
			<string>com.apple.product-type.application</string>
		</dict>
		<key>8C5026341946E511009D2C47</key>
		<dict>
			<key>explicitFileType</key>
			<string>wrapper.application</string>
			<key>includeInIndex</key>
			<string>0</string>
			<key>isa</key>
			<string>PBXFileReference</string>
			<key>path</key>
			<string>GOTTableView.app</string>
			<key>sourceTree</key>
			<string>BUILT_PRODUCTS_DIR</string>
		</dict>
		<key>8C5026351946E511009D2C47</key>
		<dict>
			<key>children</key>
			<array>
				<string>8C5026341946E511009D2C47</string>
				<string>8C5026551946E511009D2C47</string>
			</array>
			<key>isa</key>
			<string>PBXGroup</string>
			<key>name</key>
			<string>Products</string>
			<key>sourceTree</key>
			<string>&lt;group&gt;</string>
		</dict>
		<key>8C5026361946E511009D2C47</key>
		<dict>
			<key>children</key>
			<array>
				<string>8C5026371946E511009D2C47</string>
				<string>8C5026391946E511009D2C47</string>
				<string>8C50263B1946E511009D2C47</string>
				<string>8C5026561946E511009D2C47</string>
			</array>
			<key>isa</key>
			<string>PBXGroup</string>
			<key>name</key>
			<string>Frameworks</string>
			<key>sourceTree</key>
			<string>&lt;group&gt;</string>
		</dict>
		<key>8C5026371946E511009D2C47</key>
		<dict>
			<key>isa</key>
			<string>PBXFileReference</string>
			<key>lastKnownFileType</key>
			<string>wrapper.framework</string>
			<key>name</key>
			<string>Foundation.framework</string>
			<key>path</key>
			<string>System/Library/Frameworks/Foundation.framework</string>
			<key>sourceTree</key>
			<string>SDKROOT</string>
		</dict>
		<key>8C5026381946E511009D2C47</key>
		<dict>
			<key>fileRef</key>
			<string>8C5026371946E511009D2C47</string>
			<key>isa</key>
			<string>PBXBuildFile</string>
		</dict>
		<key>8C5026391946E511009D2C47</key>
		<dict>
			<key>isa</key>
			<string>PBXFileReference</string>
			<key>lastKnownFileType</key>
			<string>wrapper.framework</string>
			<key>name</key>
			<string>CoreGraphics.framework</string>
			<key>path</key>
			<string>System/Library/Frameworks/CoreGraphics.framework</string>
			<key>sourceTree</key>
			<string>SDKROOT</string>
		</dict>
		<key>8C50263A1946E511009D2C47</key>
		<dict>
			<key>fileRef</key>
			<string>8C5026391946E511009D2C47</string>
			<key>isa</key>
			<string>PBXBuildFile</string>
		</dict>
		<key>8C50263B1946E511009D2C47</key>
		<dict>
			<key>isa</key>
			<string>PBXFileReference</string>
			<key>lastKnownFileType</key>
			<string>wrapper.framework</string>
			<key>name</key>
			<string>UIKit.framework</string>
			<key>path</key>
			<string>System/Library/Frameworks/UIKit.framework</string>
			<key>sourceTree</key>
			<string>SDKROOT</string>
		</dict>
		<key>8C50263C1946E511009D2C47</key>
		<dict>
			<key>fileRef</key>
			<string>8C50263B1946E511009D2C47</string>
			<key>isa</key>
			<string>PBXBuildFile</string>
		</dict>
		<key>8C50263D1946E511009D2C47</key>
		<dict>
			<key>children</key>
			<array>
				<string>3F4957A91949B7F100075A46</string>
				<string>3F4957A81949B7C200075A46</string>
				<string>8CD142CE1946E576003AE87B</string>
				<string>8C924B051946E55500FF397C</string>
				<string>8C5026461946E511009D2C47</string>
				<string>8C5026471946E511009D2C47</string>
				<string>8C5026491946E511009D2C47</string>
				<string>8C50264F1946E511009D2C47</string>
				<string>8C50263E1946E511009D2C47</string>
			</array>
			<key>isa</key>
			<string>PBXGroup</string>
			<key>path</key>
			<string>GOTTableView</string>
			<key>sourceTree</key>
			<string>&lt;group&gt;</string>
		</dict>
		<key>8C50263E1946E511009D2C47</key>
		<dict>
			<key>children</key>
			<array>
				<string>8C50263F1946E511009D2C47</string>
				<string>8C5026401946E511009D2C47</string>
				<string>8C5026431946E511009D2C47</string>
				<string>8C5026451946E511009D2C47</string>
			</array>
			<key>isa</key>
			<string>PBXGroup</string>
			<key>name</key>
			<string>Supporting Files</string>
			<key>path</key>
			<string>Supporting Files</string>
			<key>sourceTree</key>
			<string>&lt;group&gt;</string>
		</dict>
		<key>8C50263F1946E511009D2C47</key>
		<dict>
			<key>isa</key>
			<string>PBXFileReference</string>
			<key>lastKnownFileType</key>
			<string>text.plist.xml</string>
			<key>path</key>
			<string>GOTTableView-Info.plist</string>
			<key>sourceTree</key>
			<string>&lt;group&gt;</string>
		</dict>
		<key>8C5026401946E511009D2C47</key>
		<dict>
			<key>children</key>
			<array>
				<string>8C5026411946E511009D2C47</string>
			</array>
			<key>isa</key>
			<string>PBXVariantGroup</string>
			<key>name</key>
			<string>InfoPlist.strings</string>
			<key>sourceTree</key>
			<string>&lt;group&gt;</string>
		</dict>
		<key>8C5026411946E511009D2C47</key>
		<dict>
			<key>isa</key>
			<string>PBXFileReference</string>
			<key>lastKnownFileType</key>
			<string>text.plist.strings</string>
			<key>name</key>
			<string>en</string>
			<key>path</key>
			<string>en.lproj/InfoPlist.strings</string>
			<key>sourceTree</key>
			<string>&lt;group&gt;</string>
		</dict>
		<key>8C5026421946E511009D2C47</key>
		<dict>
			<key>fileRef</key>
			<string>8C5026401946E511009D2C47</string>
			<key>isa</key>
			<string>PBXBuildFile</string>
		</dict>
		<key>8C5026431946E511009D2C47</key>
		<dict>
			<key>isa</key>
			<string>PBXFileReference</string>
			<key>lastKnownFileType</key>
			<string>sourcecode.c.objc</string>
			<key>path</key>
			<string>main.m</string>
			<key>sourceTree</key>
			<string>&lt;group&gt;</string>
		</dict>
		<key>8C5026441946E511009D2C47</key>
		<dict>
			<key>fileRef</key>
			<string>8C5026431946E511009D2C47</string>
			<key>isa</key>
			<string>PBXBuildFile</string>
		</dict>
		<key>8C5026451946E511009D2C47</key>
		<dict>
			<key>isa</key>
			<string>PBXFileReference</string>
			<key>lastKnownFileType</key>
			<string>sourcecode.c.h</string>
			<key>path</key>
			<string>GOTTableView-Prefix.pch</string>
			<key>sourceTree</key>
			<string>&lt;group&gt;</string>
		</dict>
		<key>8C5026461946E511009D2C47</key>
		<dict>
			<key>isa</key>
			<string>PBXFileReference</string>
			<key>lastKnownFileType</key>
			<string>sourcecode.c.h</string>
			<key>path</key>
			<string>AppDelegate.h</string>
			<key>sourceTree</key>
			<string>&lt;group&gt;</string>
		</dict>
		<key>8C5026471946E511009D2C47</key>
		<dict>
			<key>isa</key>
			<string>PBXFileReference</string>
			<key>lastKnownFileType</key>
			<string>sourcecode.c.objc</string>
			<key>path</key>
			<string>AppDelegate.m</string>
			<key>sourceTree</key>
			<string>&lt;group&gt;</string>
		</dict>
		<key>8C5026481946E511009D2C47</key>
		<dict>
			<key>fileRef</key>
			<string>8C5026471946E511009D2C47</string>
			<key>isa</key>
			<string>PBXBuildFile</string>
		</dict>
		<key>8C5026491946E511009D2C47</key>
		<dict>
			<key>children</key>
			<array>
				<string>8C50264A1946E511009D2C47</string>
			</array>
			<key>isa</key>
			<string>PBXVariantGroup</string>
			<key>name</key>
			<string>Main.storyboard</string>
			<key>sourceTree</key>
			<string>&lt;group&gt;</string>
		</dict>
		<key>8C50264A1946E511009D2C47</key>
		<dict>
			<key>isa</key>
			<string>PBXFileReference</string>
			<key>lastKnownFileType</key>
			<string>file.storyboard</string>
			<key>name</key>
			<string>Base</string>
			<key>path</key>
			<string>Base.lproj/Main.storyboard</string>
			<key>sourceTree</key>
			<string>&lt;group&gt;</string>
		</dict>
		<key>8C50264B1946E511009D2C47</key>
		<dict>
			<key>fileRef</key>
			<string>8C5026491946E511009D2C47</string>
			<key>isa</key>
			<string>PBXBuildFile</string>
		</dict>
		<key>8C50264F1946E511009D2C47</key>
		<dict>
			<key>isa</key>
			<string>PBXFileReference</string>
			<key>lastKnownFileType</key>
			<string>folder.assetcatalog</string>
			<key>path</key>
			<string>Images.xcassets</string>
			<key>sourceTree</key>
			<string>&lt;group&gt;</string>
		</dict>
		<key>8C5026501946E511009D2C47</key>
		<dict>
			<key>fileRef</key>
			<string>8C50264F1946E511009D2C47</string>
			<key>isa</key>
			<string>PBXBuildFile</string>
		</dict>
		<key>8C5026511946E511009D2C47</key>
		<dict>
			<key>buildActionMask</key>
			<string>2147483647</string>
			<key>files</key>
			<array>
				<string>8C5026631946E511009D2C47</string>
			</array>
			<key>isa</key>
			<string>PBXSourcesBuildPhase</string>
			<key>runOnlyForDeploymentPostprocessing</key>
			<string>0</string>
		</dict>
		<key>8C5026521946E511009D2C47</key>
		<dict>
			<key>buildActionMask</key>
			<string>2147483647</string>
			<key>files</key>
			<array>
				<string>8C5026571946E511009D2C47</string>
				<string>8C5026591946E511009D2C47</string>
				<string>8C5026581946E511009D2C47</string>
			</array>
			<key>isa</key>
			<string>PBXFrameworksBuildPhase</string>
			<key>runOnlyForDeploymentPostprocessing</key>
			<string>0</string>
		</dict>
		<key>8C5026531946E511009D2C47</key>
		<dict>
			<key>buildActionMask</key>
			<string>2147483647</string>
			<key>files</key>
			<array>
				<string>8C5026611946E511009D2C47</string>
			</array>
			<key>isa</key>
			<string>PBXResourcesBuildPhase</string>
			<key>runOnlyForDeploymentPostprocessing</key>
			<string>0</string>
		</dict>
		<key>8C5026541946E511009D2C47</key>
		<dict>
			<key>buildConfigurationList</key>
			<string>8C5026691946E511009D2C47</string>
			<key>buildPhases</key>
			<array>
				<string>8C5026511946E511009D2C47</string>
				<string>8C5026521946E511009D2C47</string>
				<string>8C5026531946E511009D2C47</string>
			</array>
			<key>buildRules</key>
			<array/>
			<key>dependencies</key>
			<array>
				<string>8C50265B1946E511009D2C47</string>
			</array>
			<key>isa</key>
			<string>PBXNativeTarget</string>
			<key>name</key>
			<string>GOTTableViewTests</string>
			<key>productName</key>
			<string>GOTTableViewTests</string>
			<key>productReference</key>
			<string>8C5026551946E511009D2C47</string>
			<key>productType</key>
			<string>com.apple.product-type.bundle.unit-test</string>
		</dict>
		<key>8C5026551946E511009D2C47</key>
		<dict>
			<key>explicitFileType</key>
			<string>wrapper.cfbundle</string>
			<key>includeInIndex</key>
			<string>0</string>
			<key>isa</key>
			<string>PBXFileReference</string>
			<key>path</key>
			<string>GOTTableViewTests.xctest</string>
			<key>sourceTree</key>
			<string>BUILT_PRODUCTS_DIR</string>
		</dict>
		<key>8C5026561946E511009D2C47</key>
		<dict>
			<key>isa</key>
			<string>PBXFileReference</string>
			<key>lastKnownFileType</key>
			<string>wrapper.framework</string>
			<key>name</key>
			<string>XCTest.framework</string>
			<key>path</key>
			<string>Library/Frameworks/XCTest.framework</string>
			<key>sourceTree</key>
			<string>DEVELOPER_DIR</string>
		</dict>
		<key>8C5026571946E511009D2C47</key>
		<dict>
			<key>fileRef</key>
			<string>8C5026561946E511009D2C47</string>
			<key>isa</key>
			<string>PBXBuildFile</string>
		</dict>
		<key>8C5026581946E511009D2C47</key>
		<dict>
			<key>fileRef</key>
			<string>8C5026371946E511009D2C47</string>
			<key>isa</key>
			<string>PBXBuildFile</string>
		</dict>
		<key>8C5026591946E511009D2C47</key>
		<dict>
			<key>fileRef</key>
			<string>8C50263B1946E511009D2C47</string>
			<key>isa</key>
			<string>PBXBuildFile</string>
		</dict>
		<key>8C50265A1946E511009D2C47</key>
		<dict>
			<key>containerPortal</key>
			<string>8C50262C1946E511009D2C47</string>
			<key>isa</key>
			<string>PBXContainerItemProxy</string>
			<key>proxyType</key>
			<string>1</string>
			<key>remoteGlobalIDString</key>
			<string>8C5026331946E511009D2C47</string>
			<key>remoteInfo</key>
			<string>GOTTableView</string>
		</dict>
		<key>8C50265B1946E511009D2C47</key>
		<dict>
			<key>isa</key>
			<string>PBXTargetDependency</string>
			<key>target</key>
			<string>8C5026331946E511009D2C47</string>
			<key>targetProxy</key>
			<string>8C50265A1946E511009D2C47</string>
		</dict>
		<key>8C50265C1946E511009D2C47</key>
		<dict>
			<key>children</key>
			<array>
				<string>8C5026621946E511009D2C47</string>
				<string>8C50265D1946E511009D2C47</string>
			</array>
			<key>isa</key>
			<string>PBXGroup</string>
			<key>path</key>
			<string>GOTTableViewTests</string>
			<key>sourceTree</key>
			<string>&lt;group&gt;</string>
		</dict>
		<key>8C50265D1946E511009D2C47</key>
		<dict>
			<key>children</key>
			<array>
				<string>8C50265E1946E511009D2C47</string>
				<string>8C50265F1946E511009D2C47</string>
			</array>
			<key>isa</key>
			<string>PBXGroup</string>
			<key>name</key>
			<string>Supporting Files</string>
			<key>path</key>
			<string>Supporting Files</string>
			<key>sourceTree</key>
			<string>&lt;group&gt;</string>
		</dict>
		<key>8C50265E1946E511009D2C47</key>
		<dict>
			<key>isa</key>
			<string>PBXFileReference</string>
			<key>lastKnownFileType</key>
			<string>text.plist.xml</string>
			<key>path</key>
			<string>GOTTableViewTests-Info.plist</string>
			<key>sourceTree</key>
			<string>&lt;group&gt;</string>
		</dict>
		<key>8C50265F1946E511009D2C47</key>
		<dict>
			<key>children</key>
			<array>
				<string>8C5026601946E511009D2C47</string>
			</array>
			<key>isa</key>
			<string>PBXVariantGroup</string>
			<key>name</key>
			<string>InfoPlist.strings</string>
			<key>sourceTree</key>
			<string>&lt;group&gt;</string>
		</dict>
		<key>8C5026601946E511009D2C47</key>
		<dict>
			<key>isa</key>
			<string>PBXFileReference</string>
			<key>lastKnownFileType</key>
			<string>text.plist.strings</string>
			<key>name</key>
			<string>en</string>
			<key>path</key>
			<string>en.lproj/InfoPlist.strings</string>
			<key>sourceTree</key>
			<string>&lt;group&gt;</string>
		</dict>
		<key>8C5026611946E511009D2C47</key>
		<dict>
			<key>fileRef</key>
			<string>8C50265F1946E511009D2C47</string>
			<key>isa</key>
			<string>PBXBuildFile</string>
		</dict>
		<key>8C5026621946E511009D2C47</key>
		<dict>
			<key>isa</key>
			<string>PBXFileReference</string>
			<key>lastKnownFileType</key>
			<string>sourcecode.c.objc</string>
			<key>path</key>
			<string>GOTTableViewTests.m</string>
			<key>sourceTree</key>
			<string>&lt;group&gt;</string>
		</dict>
		<key>8C5026631946E511009D2C47</key>
		<dict>
			<key>fileRef</key>
			<string>8C5026621946E511009D2C47</string>
			<key>isa</key>
			<string>PBXBuildFile</string>
		</dict>
		<key>8C5026641946E511009D2C47</key>
		<dict>
			<key>buildSettings</key>
			<dict>
				<key>ALWAYS_SEARCH_USER_PATHS</key>
				<string>NO</string>
				<key>CLANG_CXX_LANGUAGE_STANDARD</key>
				<string>gnu++0x</string>
				<key>CLANG_CXX_LIBRARY</key>
				<string>libc++</string>
				<key>CLANG_ENABLE_MODULES</key>
				<string>YES</string>
				<key>CLANG_ENABLE_OBJC_ARC</key>
				<string>YES</string>
				<key>CLANG_WARN_BOOL_CONVERSION</key>
				<string>YES</string>
				<key>CLANG_WARN_CONSTANT_CONVERSION</key>
				<string>YES</string>
				<key>CLANG_WARN_DIRECT_OBJC_ISA_USAGE</key>
				<string>YES_ERROR</string>
				<key>CLANG_WARN_EMPTY_BODY</key>
				<string>YES</string>
				<key>CLANG_WARN_ENUM_CONVERSION</key>
				<string>YES</string>
				<key>CLANG_WARN_INT_CONVERSION</key>
				<string>YES</string>
				<key>CLANG_WARN_OBJC_ROOT_CLASS</key>
				<string>YES_ERROR</string>
				<key>CLANG_WARN__DUPLICATE_METHOD_MATCH</key>
				<string>YES</string>
				<key>CODE_SIGN_IDENTITY[sdk=iphoneos*]</key>
				<string>iPhone Developer</string>
				<key>COPY_PHASE_STRIP</key>
				<string>NO</string>
				<key>GCC_C_LANGUAGE_STANDARD</key>
				<string>gnu99</string>
				<key>GCC_DYNAMIC_NO_PIC</key>
				<string>NO</string>
				<key>GCC_OPTIMIZATION_LEVEL</key>
				<string>0</string>
				<key>GCC_PREPROCESSOR_DEFINITIONS</key>
				<array>
					<string>DEBUG=1</string>
					<string>$(inherited)</string>
				</array>
				<key>GCC_SYMBOLS_PRIVATE_EXTERN</key>
				<string>NO</string>
				<key>GCC_WARN_64_TO_32_BIT_CONVERSION</key>
				<string>YES</string>
				<key>GCC_WARN_ABOUT_RETURN_TYPE</key>
				<string>YES_ERROR</string>
				<key>GCC_WARN_UNDECLARED_SELECTOR</key>
				<string>YES</string>
				<key>GCC_WARN_UNINITIALIZED_AUTOS</key>
				<string>YES_AGGRESSIVE</string>
				<key>GCC_WARN_UNUSED_FUNCTION</key>
				<string>YES</string>
				<key>GCC_WARN_UNUSED_VARIABLE</key>
				<string>YES</string>
				<key>IPHONEOS_DEPLOYMENT_TARGET</key>
				<string>7.1</string>
				<key>ONLY_ACTIVE_ARCH</key>
				<string>YES</string>
				<key>SDKROOT</key>
				<string>iphoneos</string>
			</dict>
			<key>isa</key>
			<string>XCBuildConfiguration</string>
			<key>name</key>
			<string>Debug</string>
		</dict>
		<key>8C5026651946E511009D2C47</key>
		<dict>
			<key>buildSettings</key>
			<dict>
				<key>ALWAYS_SEARCH_USER_PATHS</key>
				<string>NO</string>
				<key>CLANG_CXX_LANGUAGE_STANDARD</key>
				<string>gnu++0x</string>
				<key>CLANG_CXX_LIBRARY</key>
				<string>libc++</string>
				<key>CLANG_ENABLE_MODULES</key>
				<string>YES</string>
				<key>CLANG_ENABLE_OBJC_ARC</key>
				<string>YES</string>
				<key>CLANG_WARN_BOOL_CONVERSION</key>
				<string>YES</string>
				<key>CLANG_WARN_CONSTANT_CONVERSION</key>
				<string>YES</string>
				<key>CLANG_WARN_DIRECT_OBJC_ISA_USAGE</key>
				<string>YES_ERROR</string>
				<key>CLANG_WARN_EMPTY_BODY</key>
				<string>YES</string>
				<key>CLANG_WARN_ENUM_CONVERSION</key>
				<string>YES</string>
				<key>CLANG_WARN_INT_CONVERSION</key>
				<string>YES</string>
				<key>CLANG_WARN_OBJC_ROOT_CLASS</key>
				<string>YES_ERROR</string>
				<key>CLANG_WARN__DUPLICATE_METHOD_MATCH</key>
				<string>YES</string>
				<key>CODE_SIGN_IDENTITY[sdk=iphoneos*]</key>
				<string>iPhone Developer</string>
				<key>COPY_PHASE_STRIP</key>
				<string>YES</string>
				<key>ENABLE_NS_ASSERTIONS</key>
				<string>NO</string>
				<key>GCC_C_LANGUAGE_STANDARD</key>
				<string>gnu99</string>
				<key>GCC_WARN_64_TO_32_BIT_CONVERSION</key>
				<string>YES</string>
				<key>GCC_WARN_ABOUT_RETURN_TYPE</key>
				<string>YES_ERROR</string>
				<key>GCC_WARN_UNDECLARED_SELECTOR</key>
				<string>YES</string>
				<key>GCC_WARN_UNINITIALIZED_AUTOS</key>
				<string>YES_AGGRESSIVE</string>
				<key>GCC_WARN_UNUSED_FUNCTION</key>
				<string>YES</string>
				<key>GCC_WARN_UNUSED_VARIABLE</key>
				<string>YES</string>
				<key>IPHONEOS_DEPLOYMENT_TARGET</key>
				<string>7.1</string>
				<key>SDKROOT</key>
				<string>iphoneos</string>
				<key>VALIDATE_PRODUCT</key>
				<string>YES</string>
			</dict>
			<key>isa</key>
			<string>XCBuildConfiguration</string>
			<key>name</key>
			<string>Release</string>
		</dict>
		<key>8C5026661946E511009D2C47</key>
		<dict>
			<key>buildConfigurations</key>
			<array>
				<string>8C5026671946E511009D2C47</string>
				<string>8C5026681946E511009D2C47</string>
			</array>
			<key>defaultConfigurationIsVisible</key>
			<string>0</string>
			<key>defaultConfigurationName</key>
			<string>Release</string>
			<key>isa</key>
			<string>XCConfigurationList</string>
		</dict>
		<key>8C5026671946E511009D2C47</key>
		<dict>
			<key>buildSettings</key>
			<dict>
				<key>ASSETCATALOG_COMPILER_APPICON_NAME</key>
				<string>AppIcon</string>
				<key>ASSETCATALOG_COMPILER_LAUNCHIMAGE_NAME</key>
				<string>LaunchImage</string>
				<key>GCC_PRECOMPILE_PREFIX_HEADER</key>
				<string>YES</string>
				<key>GCC_PREFIX_HEADER</key>
				<string>GOTTableView/Supporting Files/GOTTableView-Prefix.pch</string>
				<key>INFOPLIST_FILE</key>
				<string>GOTTableView/Supporting Files/GOTTableView-Info.plist</string>
				<key>PRODUCT_NAME</key>
				<string>$(TARGET_NAME)</string>
				<key>WRAPPER_EXTENSION</key>
				<string>app</string>
			</dict>
			<key>isa</key>
			<string>XCBuildConfiguration</string>
			<key>name</key>
			<string>Debug</string>
		</dict>
		<key>8C5026681946E511009D2C47</key>
		<dict>
			<key>buildSettings</key>
			<dict>
				<key>ASSETCATALOG_COMPILER_APPICON_NAME</key>
				<string>AppIcon</string>
				<key>ASSETCATALOG_COMPILER_LAUNCHIMAGE_NAME</key>
				<string>LaunchImage</string>
				<key>GCC_PRECOMPILE_PREFIX_HEADER</key>
				<string>YES</string>
				<key>GCC_PREFIX_HEADER</key>
				<string>GOTTableView/Supporting Files/GOTTableView-Prefix.pch</string>
				<key>INFOPLIST_FILE</key>
				<string>GOTTableView/Supporting Files/GOTTableView-Info.plist</string>
				<key>PRODUCT_NAME</key>
				<string>$(TARGET_NAME)</string>
				<key>WRAPPER_EXTENSION</key>
				<string>app</string>
			</dict>
			<key>isa</key>
			<string>XCBuildConfiguration</string>
			<key>name</key>
			<string>Release</string>
		</dict>
		<key>8C5026691946E511009D2C47</key>
		<dict>
			<key>buildConfigurations</key>
			<array>
				<string>8C50266A1946E511009D2C47</string>
				<string>8C50266B1946E511009D2C47</string>
			</array>
			<key>defaultConfigurationIsVisible</key>
			<string>0</string>
			<key>defaultConfigurationName</key>
			<string>Release</string>
			<key>isa</key>
			<string>XCConfigurationList</string>
		</dict>
		<key>8C50266A1946E511009D2C47</key>
		<dict>
			<key>buildSettings</key>
			<dict>
				<key>BUNDLE_LOADER</key>
				<string>$(BUILT_PRODUCTS_DIR)/GOTTableView.app/GOTTableView</string>
				<key>FRAMEWORK_SEARCH_PATHS</key>
				<array>
					<string>$(SDKROOT)/Developer/Library/Frameworks</string>
					<string>$(inherited)</string>
					<string>$(DEVELOPER_FRAMEWORKS_DIR)</string>
				</array>
				<key>GCC_PRECOMPILE_PREFIX_HEADER</key>
				<string>YES</string>
				<key>GCC_PREFIX_HEADER</key>
				<string>GOTTableView/Supporting Files/GOTTableView-Prefix.pch</string>
				<key>GCC_PREPROCESSOR_DEFINITIONS</key>
				<array>
					<string>DEBUG=1</string>
					<string>$(inherited)</string>
				</array>
				<key>INFOPLIST_FILE</key>
				<string>GOTTableViewTests/Supporting Files/GOTTableViewTests-Info.plist</string>
				<key>PRODUCT_NAME</key>
				<string>$(TARGET_NAME)</string>
				<key>TEST_HOST</key>
				<string>$(BUNDLE_LOADER)</string>
				<key>WRAPPER_EXTENSION</key>
				<string>xctest</string>
			</dict>
			<key>isa</key>
			<string>XCBuildConfiguration</string>
			<key>name</key>
			<string>Debug</string>
		</dict>
		<key>8C50266B1946E511009D2C47</key>
		<dict>
			<key>buildSettings</key>
			<dict>
				<key>BUNDLE_LOADER</key>
				<string>$(BUILT_PRODUCTS_DIR)/GOTTableView.app/GOTTableView</string>
				<key>FRAMEWORK_SEARCH_PATHS</key>
				<array>
					<string>$(SDKROOT)/Developer/Library/Frameworks</string>
					<string>$(inherited)</string>
					<string>$(DEVELOPER_FRAMEWORKS_DIR)</string>
				</array>
				<key>GCC_PRECOMPILE_PREFIX_HEADER</key>
				<string>YES</string>
				<key>GCC_PREFIX_HEADER</key>
				<string>GOTTableView/Supporting Files/GOTTableView-Prefix.pch</string>
				<key>INFOPLIST_FILE</key>
				<string>GOTTableViewTests/Supporting Files/GOTTableViewTests-Info.plist</string>
				<key>PRODUCT_NAME</key>
				<string>$(TARGET_NAME)</string>
				<key>TEST_HOST</key>
				<string>$(BUNDLE_LOADER)</string>
				<key>WRAPPER_EXTENSION</key>
				<string>xctest</string>
			</dict>
			<key>isa</key>
			<string>XCBuildConfiguration</string>
			<key>name</key>
			<string>Release</string>
		</dict>
		<key>8C924B051946E55500FF397C</key>
		<dict>
			<key>children</key>
			<array>
				<string>8C2E8DFE1946FE2A00D41ED9</string>
				<string>8C924B4C1946E55600FF397C</string>
			</array>
			<key>isa</key>
			<string>PBXGroup</string>
			<key>path</key>
			<string>assets</string>
			<key>sourceTree</key>
			<string>&lt;group&gt;</string>
		</dict>
		<key>8C924B4C1946E55600FF397C</key>
		<dict>
			<key>fileEncoding</key>
			<string>4</string>
			<key>isa</key>
			<string>PBXFileReference</string>
			<key>lastKnownFileType</key>
			<string>text.json</string>
			<key>path</key>
			<string>personajes.json</string>
			<key>sourceTree</key>
			<string>&lt;group&gt;</string>
		</dict>
		<key>8C924B921946E55600FF397C</key>
		<dict>
			<key>fileRef</key>
			<string>8C924B4C1946E55600FF397C</string>
			<key>isa</key>
			<string>PBXBuildFile</string>
		</dict>
		<key>8CD142CE1946E576003AE87B</key>
		<dict>
			<key>children</key>
			<array>
				<string>8CD142CF1946E592003AE87B</string>
				<string>8CD142D01946E592003AE87B</string>
				<string>8CD142D21946E790003AE87B</string>
				<string>8CD142D31946E790003AE87B</string>
				<string>8CD142D51946E7B7003AE87B</string>
				<string>8CD142D61946E7B7003AE87B</string>
			</array>
			<key>isa</key>
			<string>PBXGroup</string>
			<key>name</key>
			<string>model</string>
			<key>path</key>
			<string>model</string>
			<key>sourceTree</key>
			<string>&lt;group&gt;</string>
		</dict>
		<key>8CD142CF1946E592003AE87B</key>
		<dict>
			<key>fileEncoding</key>
			<string>4</string>
			<key>isa</key>
			<string>PBXFileReference</string>
			<key>lastKnownFileType</key>
			<string>sourcecode.c.h</string>
			<key>name</key>
			<string>GotModel.h</string>
			<key>path</key>
			<string>GotModel.h</string>
			<key>sourceTree</key>
			<string>&lt;group&gt;</string>
		</dict>
		<key>8CD142D01946E592003AE87B</key>
		<dict>
			<key>fileEncoding</key>
			<string>4</string>
			<key>isa</key>
			<string>PBXFileReference</string>
			<key>lastKnownFileType</key>
			<string>sourcecode.c.objc</string>
			<key>name</key>
			<string>GotModel.m</string>
			<key>path</key>
			<string>GotModel.m</string>
			<key>sourceTree</key>
			<string>&lt;group&gt;</string>
		</dict>
		<key>8CD142D11946E592003AE87B</key>
		<dict>
			<key>fileRef</key>
			<string>8CD142D01946E592003AE87B</string>
			<key>isa</key>
			<string>PBXBuildFile</string>
		</dict>
		<key>8CD142D21946E790003AE87B</key>
		<dict>
			<key>fileEncoding</key>
			<string>4</string>
			<key>isa</key>
			<string>PBXFileReference</string>
			<key>lastKnownFileType</key>
			<string>sourcecode.c.h</string>
			<key>name</key>
			<string>Casa.h</string>
			<key>path</key>
			<string>Casa.h</string>
			<key>sourceTree</key>
			<string>&lt;group&gt;</string>
		</dict>
		<key>8CD142D31946E790003AE87B</key>
		<dict>
			<key>fileEncoding</key>
			<string>4</string>
			<key>isa</key>
			<string>PBXFileReference</string>
			<key>lastKnownFileType</key>
			<string>sourcecode.c.objc</string>
			<key>name</key>
			<string>Casa.m</string>
			<key>path</key>
			<string>Casa.m</string>
			<key>sourceTree</key>
			<string>&lt;group&gt;</string>
		</dict>
		<key>8CD142D41946E790003AE87B</key>
		<dict>
			<key>fileRef</key>
			<string>8CD142D31946E790003AE87B</string>
			<key>isa</key>
			<string>PBXBuildFile</string>
		</dict>
		<key>8CD142D51946E7B7003AE87B</key>
		<dict>
			<key>fileEncoding</key>
			<string>4</string>
			<key>isa</key>
			<string>PBXFileReference</string>
			<key>lastKnownFileType</key>
			<string>sourcecode.c.h</string>
			<key>name</key>
			<string>Personaje.h</string>
			<key>path</key>
			<string>Personaje.h</string>
			<key>sourceTree</key>
			<string>&lt;group&gt;</string>
		</dict>
		<key>8CD142D61946E7B7003AE87B</key>
		<dict>
			<key>fileEncoding</key>
			<string>4</string>
			<key>isa</key>
			<string>PBXFileReference</string>
			<key>lastKnownFileType</key>
			<string>sourcecode.c.objc</string>
			<key>name</key>
			<string>Personaje.m</string>
			<key>path</key>
			<string>Personaje.m</string>
			<key>sourceTree</key>
			<string>&lt;group&gt;</string>
		</dict>
		<key>8CD142D71946E7B7003AE87B</key>
		<dict>
			<key>fileRef</key>
			<string>8CD142D61946E7B7003AE87B</string>
			<key>isa</key>
			<string>PBXBuildFile</string>
		</dict>
	</dict>
	<key>rootObject</key>
	<string>8C50262C1946E511009D2C47</string>
</dict>
</plist>
